
Microsoft Visual Studio Solution File, Format Version 12.00
# Visual Studio 14
VisualStudioVersion = 14.0.25123.0
MinimumVisualStudioVersion = 10.0.40219.1
Project("{2150E333-8FDC-42A3-9474-1A3956D46DE8}") = "Common", "Common", "{C0D48C6B-3AB3-4921-8525-D6010FAF26BD}"
EndProject
Project("{2150E333-8FDC-42A3-9474-1A3956D46DE8}") = "Data", "Data", "{862C16E9-DF5E-4AF1-B72B-DB9214C9B885}"
EndProject
Project("{2150E333-8FDC-42A3-9474-1A3956D46DE8}") = "Tests", "Tests", "{87F80724-B566-4089-9511-C7703C28B2F4}"
EndProject
Project("{2150E333-8FDC-42A3-9474-1A3956D46DE8}") = "Framework", "Framework", "{B8390689-26E6-46DE-9672-EAFADCD12B88}"
EndProject
Project("{2150E333-8FDC-42A3-9474-1A3956D46DE8}") = "Sites", "Sites", "{E9CB29EC-FECB-4770-9113-8B4A8A0BC587}"
EndProject
Project("{8BB2217D-0F2D-49D1-97BC-3654ED321F3B}") = "Bzway.Common", "Common\Bzway.Common\Bzway.Common.xproj", "{C4F05E7D-46F0-4B8F-A457-9D5BD98FB626}"
EndProject
Project("{8BB2217D-0F2D-49D1-97BC-3654ED321F3B}") = "Bzway.Data.Core", "Data\Bzway.Data.Core\Bzway.Data.Core.xproj", "{FA0C038B-569A-4746-A90C-FC3C3A2C402C}"
EndProject
Project("{8BB2217D-0F2D-49D1-97BC-3654ED321F3B}") = "Bzway.Data.File", "Data\Bzway.Data.File\Bzway.Data.File.xproj", "{DAA35876-4F16-4A6B-B91C-0FE8686CBA57}"
EndProject
Project("{8BB2217D-0F2D-49D1-97BC-3654ED321F3B}") = "Bzway.Data.Sql", "Data\Bzway.Data.Sql\Bzway.Data.Sql.xproj", "{5EF66676-34BC-46BD-808F-D136E4128BF9}"
EndProject
Project("{2150E333-8FDC-42A3-9474-1A3956D46DE8}") = "Modules", "Modules", "{91D86871-A5CF-4811-B9B0-941728B55529}"
EndProject
Project("{8BB2217D-0F2D-49D1-97BC-3654ED321F3B}") = "Bzway.Module.Core", "Modules\Bzway.Module.Core\Bzway.Module.Core.xproj", "{A537FF21-3384-4CF4-8621-E5E436F72226}"
EndProject
Project("{8BB2217D-0F2D-49D1-97BC-3654ED321F3B}") = "Bzway.Module.User", "Modules\Bzway.Module.User\Bzway.Module.User.xproj", "{E492D755-424D-48BF-906F-0E22E6D7F327}"
EndProject
Project("{8BB2217D-0F2D-49D1-97BC-3654ED321F3B}") = "Bzway.Module.UserSite", "Modules\Bzway.Module.UserSite\Bzway.Module.UserSite.xproj", "{D4CFBC00-7C31-475E-852A-1F209BDDB2AC}"
EndProject
Project("{8BB2217D-0F2D-49D1-97BC-3654ED321F3B}") = "Bzway.Site.FrontPage", "Sites\Bzway.Site.FrontPage\Bzway.Site.FrontPage.xproj", "{66203CB5-FB2F-408F-9991-2C8D1363AD6E}"
EndProject
Project("{8BB2217D-0F2D-49D1-97BC-3654ED321F3B}") = "Bzway.Site.BackOffice", "Sites\Bzway.Site.BackOffice\Bzway.Site.BackOffice.xproj", "{710456CA-DE7E-467A-AA6A-BC1E7AE9A6FA}"
EndProject
Global
	GlobalSection(SolutionConfigurationPlatforms) = preSolution
		Debug|Any CPU = Debug|Any CPU
		Debug|Mixed Platforms = Debug|Mixed Platforms
		Debug|x64 = Debug|x64
		Debug|x86 = Debug|x86
		EmailValidator|Any CPU = EmailValidator|Any CPU
		EmailValidator|Mixed Platforms = EmailValidator|Mixed Platforms
		EmailValidator|x64 = EmailValidator|x64
		EmailValidator|x86 = EmailValidator|x86
		Publish|Any CPU = Publish|Any CPU
		Publish|Mixed Platforms = Publish|Mixed Platforms
		Publish|x64 = Publish|x64
		Publish|x86 = Publish|x86
		RedeemGiftTest|Any CPU = RedeemGiftTest|Any CPU
		RedeemGiftTest|Mixed Platforms = RedeemGiftTest|Mixed Platforms
		RedeemGiftTest|x64 = RedeemGiftTest|x64
		RedeemGiftTest|x86 = RedeemGiftTest|x86
		Release|Any CPU = Release|Any CPU
		Release|Mixed Platforms = Release|Mixed Platforms
		Release|x64 = Release|x64
		Release|x86 = Release|x86
		Test|Any CPU = Test|Any CPU
		Test|Mixed Platforms = Test|Mixed Platforms
		Test|x64 = Test|x64
		Test|x86 = Test|x86
	EndGlobalSection
	GlobalSection(ProjectConfigurationPlatforms) = postSolution
		{C4F05E7D-46F0-4B8F-A457-9D5BD98FB626}.Debug|Any CPU.ActiveCfg = Debug|Any CPU
		{C4F05E7D-46F0-4B8F-A457-9D5BD98FB626}.Debug|Any CPU.Build.0 = Debug|Any CPU
		{C4F05E7D-46F0-4B8F-A457-9D5BD98FB626}.Debug|Mixed Platforms.ActiveCfg = Debug|Any CPU
		{C4F05E7D-46F0-4B8F-A457-9D5BD98FB626}.Debug|Mixed Platforms.Build.0 = Debug|Any CPU
		{C4F05E7D-46F0-4B8F-A457-9D5BD98FB626}.Debug|x64.ActiveCfg = Debug|Any CPU
		{C4F05E7D-46F0-4B8F-A457-9D5BD98FB626}.Debug|x64.Build.0 = Debug|Any CPU
		{C4F05E7D-46F0-4B8F-A457-9D5BD98FB626}.Debug|x86.ActiveCfg = Debug|Any CPU
		{C4F05E7D-46F0-4B8F-A457-9D5BD98FB626}.Debug|x86.Build.0 = Debug|Any CPU
		{C4F05E7D-46F0-4B8F-A457-9D5BD98FB626}.EmailValidator|Any CPU.ActiveCfg = Debug|Any CPU
		{C4F05E7D-46F0-4B8F-A457-9D5BD98FB626}.EmailValidator|Any CPU.Build.0 = Debug|Any CPU
		{C4F05E7D-46F0-4B8F-A457-9D5BD98FB626}.EmailValidator|Mixed Platforms.ActiveCfg = Debug|Any CPU
		{C4F05E7D-46F0-4B8F-A457-9D5BD98FB626}.EmailValidator|Mixed Platforms.Build.0 = Debug|Any CPU
		{C4F05E7D-46F0-4B8F-A457-9D5BD98FB626}.EmailValidator|x64.ActiveCfg = Debug|Any CPU
		{C4F05E7D-46F0-4B8F-A457-9D5BD98FB626}.EmailValidator|x64.Build.0 = Debug|Any CPU
		{C4F05E7D-46F0-4B8F-A457-9D5BD98FB626}.EmailValidator|x86.ActiveCfg = Debug|Any CPU
		{C4F05E7D-46F0-4B8F-A457-9D5BD98FB626}.EmailValidator|x86.Build.0 = Debug|Any CPU
		{C4F05E7D-46F0-4B8F-A457-9D5BD98FB626}.Publish|Any CPU.ActiveCfg = Debug|Any CPU
		{C4F05E7D-46F0-4B8F-A457-9D5BD98FB626}.Publish|Any CPU.Build.0 = Debug|Any CPU
		{C4F05E7D-46F0-4B8F-A457-9D5BD98FB626}.Publish|Mixed Platforms.ActiveCfg = Debug|Any CPU
		{C4F05E7D-46F0-4B8F-A457-9D5BD98FB626}.Publish|Mixed Platforms.Build.0 = Debug|Any CPU
		{C4F05E7D-46F0-4B8F-A457-9D5BD98FB626}.Publish|x64.ActiveCfg = Debug|Any CPU
		{C4F05E7D-46F0-4B8F-A457-9D5BD98FB626}.Publish|x64.Build.0 = Debug|Any CPU
		{C4F05E7D-46F0-4B8F-A457-9D5BD98FB626}.Publish|x86.ActiveCfg = Debug|Any CPU
		{C4F05E7D-46F0-4B8F-A457-9D5BD98FB626}.Publish|x86.Build.0 = Debug|Any CPU
		{C4F05E7D-46F0-4B8F-A457-9D5BD98FB626}.RedeemGiftTest|Any CPU.ActiveCfg = Release|Any CPU
		{C4F05E7D-46F0-4B8F-A457-9D5BD98FB626}.RedeemGiftTest|Any CPU.Build.0 = Release|Any CPU
		{C4F05E7D-46F0-4B8F-A457-9D5BD98FB626}.RedeemGiftTest|Mixed Platforms.ActiveCfg = Release|Any CPU
		{C4F05E7D-46F0-4B8F-A457-9D5BD98FB626}.RedeemGiftTest|Mixed Platforms.Build.0 = Release|Any CPU
		{C4F05E7D-46F0-4B8F-A457-9D5BD98FB626}.RedeemGiftTest|x64.ActiveCfg = Release|Any CPU
		{C4F05E7D-46F0-4B8F-A457-9D5BD98FB626}.RedeemGiftTest|x64.Build.0 = Release|Any CPU
		{C4F05E7D-46F0-4B8F-A457-9D5BD98FB626}.RedeemGiftTest|x86.ActiveCfg = Release|Any CPU
		{C4F05E7D-46F0-4B8F-A457-9D5BD98FB626}.RedeemGiftTest|x86.Build.0 = Release|Any CPU
		{C4F05E7D-46F0-4B8F-A457-9D5BD98FB626}.Release|Any CPU.ActiveCfg = Release|Any CPU
		{C4F05E7D-46F0-4B8F-A457-9D5BD98FB626}.Release|Any CPU.Build.0 = Release|Any CPU
		{C4F05E7D-46F0-4B8F-A457-9D5BD98FB626}.Release|Mixed Platforms.ActiveCfg = Release|Any CPU
		{C4F05E7D-46F0-4B8F-A457-9D5BD98FB626}.Release|Mixed Platforms.Build.0 = Release|Any CPU
		{C4F05E7D-46F0-4B8F-A457-9D5BD98FB626}.Release|x64.ActiveCfg = Release|Any CPU
		{C4F05E7D-46F0-4B8F-A457-9D5BD98FB626}.Release|x64.Build.0 = Release|Any CPU
		{C4F05E7D-46F0-4B8F-A457-9D5BD98FB626}.Release|x86.ActiveCfg = Release|Any CPU
		{C4F05E7D-46F0-4B8F-A457-9D5BD98FB626}.Release|x86.Build.0 = Release|Any CPU
		{C4F05E7D-46F0-4B8F-A457-9D5BD98FB626}.Test|Any CPU.ActiveCfg = Debug|Any CPU
		{C4F05E7D-46F0-4B8F-A457-9D5BD98FB626}.Test|Any CPU.Build.0 = Debug|Any CPU
		{C4F05E7D-46F0-4B8F-A457-9D5BD98FB626}.Test|Mixed Platforms.ActiveCfg = Debug|Any CPU
		{C4F05E7D-46F0-4B8F-A457-9D5BD98FB626}.Test|Mixed Platforms.Build.0 = Debug|Any CPU
		{C4F05E7D-46F0-4B8F-A457-9D5BD98FB626}.Test|x64.ActiveCfg = Debug|Any CPU
		{C4F05E7D-46F0-4B8F-A457-9D5BD98FB626}.Test|x64.Build.0 = Debug|Any CPU
		{C4F05E7D-46F0-4B8F-A457-9D5BD98FB626}.Test|x86.ActiveCfg = Debug|Any CPU
		{C4F05E7D-46F0-4B8F-A457-9D5BD98FB626}.Test|x86.Build.0 = Debug|Any CPU
		{FA0C038B-569A-4746-A90C-FC3C3A2C402C}.Debug|Any CPU.ActiveCfg = Debug|Any CPU
		{FA0C038B-569A-4746-A90C-FC3C3A2C402C}.Debug|Any CPU.Build.0 = Debug|Any CPU
		{FA0C038B-569A-4746-A90C-FC3C3A2C402C}.Debug|Mixed Platforms.ActiveCfg = Debug|Any CPU
		{FA0C038B-569A-4746-A90C-FC3C3A2C402C}.Debug|Mixed Platforms.Build.0 = Debug|Any CPU
		{FA0C038B-569A-4746-A90C-FC3C3A2C402C}.Debug|x64.ActiveCfg = Debug|Any CPU
		{FA0C038B-569A-4746-A90C-FC3C3A2C402C}.Debug|x64.Build.0 = Debug|Any CPU
		{FA0C038B-569A-4746-A90C-FC3C3A2C402C}.Debug|x86.ActiveCfg = Debug|Any CPU
		{FA0C038B-569A-4746-A90C-FC3C3A2C402C}.Debug|x86.Build.0 = Debug|Any CPU
		{FA0C038B-569A-4746-A90C-FC3C3A2C402C}.EmailValidator|Any CPU.ActiveCfg = Debug|Any CPU
		{FA0C038B-569A-4746-A90C-FC3C3A2C402C}.EmailValidator|Any CPU.Build.0 = Debug|Any CPU
		{FA0C038B-569A-4746-A90C-FC3C3A2C402C}.EmailValidator|Mixed Platforms.ActiveCfg = Debug|Any CPU
		{FA0C038B-569A-4746-A90C-FC3C3A2C402C}.EmailValidator|Mixed Platforms.Build.0 = Debug|Any CPU
		{FA0C038B-569A-4746-A90C-FC3C3A2C402C}.EmailValidator|x64.ActiveCfg = Debug|Any CPU
		{FA0C038B-569A-4746-A90C-FC3C3A2C402C}.EmailValidator|x64.Build.0 = Debug|Any CPU
		{FA0C038B-569A-4746-A90C-FC3C3A2C402C}.EmailValidator|x86.ActiveCfg = Debug|Any CPU
		{FA0C038B-569A-4746-A90C-FC3C3A2C402C}.EmailValidator|x86.Build.0 = Debug|Any CPU
		{FA0C038B-569A-4746-A90C-FC3C3A2C402C}.Publish|Any CPU.ActiveCfg = Debug|Any CPU
		{FA0C038B-569A-4746-A90C-FC3C3A2C402C}.Publish|Any CPU.Build.0 = Debug|Any CPU
		{FA0C038B-569A-4746-A90C-FC3C3A2C402C}.Publish|Mixed Platforms.ActiveCfg = Debug|Any CPU
		{FA0C038B-569A-4746-A90C-FC3C3A2C402C}.Publish|Mixed Platforms.Build.0 = Debug|Any CPU
		{FA0C038B-569A-4746-A90C-FC3C3A2C402C}.Publish|x64.ActiveCfg = Debug|Any CPU
		{FA0C038B-569A-4746-A90C-FC3C3A2C402C}.Publish|x64.Build.0 = Debug|Any CPU
		{FA0C038B-569A-4746-A90C-FC3C3A2C402C}.Publish|x86.ActiveCfg = Debug|Any CPU
		{FA0C038B-569A-4746-A90C-FC3C3A2C402C}.Publish|x86.Build.0 = Debug|Any CPU
		{FA0C038B-569A-4746-A90C-FC3C3A2C402C}.RedeemGiftTest|Any CPU.ActiveCfg = Release|Any CPU
		{FA0C038B-569A-4746-A90C-FC3C3A2C402C}.RedeemGiftTest|Any CPU.Build.0 = Release|Any CPU
		{FA0C038B-569A-4746-A90C-FC3C3A2C402C}.RedeemGiftTest|Mixed Platforms.ActiveCfg = Release|Any CPU
		{FA0C038B-569A-4746-A90C-FC3C3A2C402C}.RedeemGiftTest|Mixed Platforms.Build.0 = Release|Any CPU
		{FA0C038B-569A-4746-A90C-FC3C3A2C402C}.RedeemGiftTest|x64.ActiveCfg = Release|Any CPU
		{FA0C038B-569A-4746-A90C-FC3C3A2C402C}.RedeemGiftTest|x64.Build.0 = Release|Any CPU
		{FA0C038B-569A-4746-A90C-FC3C3A2C402C}.RedeemGiftTest|x86.ActiveCfg = Release|Any CPU
		{FA0C038B-569A-4746-A90C-FC3C3A2C402C}.RedeemGiftTest|x86.Build.0 = Release|Any CPU
		{FA0C038B-569A-4746-A90C-FC3C3A2C402C}.Release|Any CPU.ActiveCfg = Release|Any CPU
		{FA0C038B-569A-4746-A90C-FC3C3A2C402C}.Release|Any CPU.Build.0 = Release|Any CPU
		{FA0C038B-569A-4746-A90C-FC3C3A2C402C}.Release|Mixed Platforms.ActiveCfg = Release|Any CPU
		{FA0C038B-569A-4746-A90C-FC3C3A2C402C}.Release|Mixed Platforms.Build.0 = Release|Any CPU
		{FA0C038B-569A-4746-A90C-FC3C3A2C402C}.Release|x64.ActiveCfg = Release|Any CPU
		{FA0C038B-569A-4746-A90C-FC3C3A2C402C}.Release|x64.Build.0 = Release|Any CPU
		{FA0C038B-569A-4746-A90C-FC3C3A2C402C}.Release|x86.ActiveCfg = Release|Any CPU
		{FA0C038B-569A-4746-A90C-FC3C3A2C402C}.Release|x86.Build.0 = Release|Any CPU
		{FA0C038B-569A-4746-A90C-FC3C3A2C402C}.Test|Any CPU.ActiveCfg = Debug|Any CPU
		{FA0C038B-569A-4746-A90C-FC3C3A2C402C}.Test|Any CPU.Build.0 = Debug|Any CPU
		{FA0C038B-569A-4746-A90C-FC3C3A2C402C}.Test|Mixed Platforms.ActiveCfg = Debug|Any CPU
		{FA0C038B-569A-4746-A90C-FC3C3A2C402C}.Test|Mixed Platforms.Build.0 = Debug|Any CPU
		{FA0C038B-569A-4746-A90C-FC3C3A2C402C}.Test|x64.ActiveCfg = Debug|Any CPU
		{FA0C038B-569A-4746-A90C-FC3C3A2C402C}.Test|x64.Build.0 = Debug|Any CPU
		{FA0C038B-569A-4746-A90C-FC3C3A2C402C}.Test|x86.ActiveCfg = Debug|Any CPU
		{FA0C038B-569A-4746-A90C-FC3C3A2C402C}.Test|x86.Build.0 = Debug|Any CPU
		{DAA35876-4F16-4A6B-B91C-0FE8686CBA57}.Debug|Any CPU.ActiveCfg = Debug|Any CPU
		{DAA35876-4F16-4A6B-B91C-0FE8686CBA57}.Debug|Any CPU.Build.0 = Debug|Any CPU
		{DAA35876-4F16-4A6B-B91C-0FE8686CBA57}.Debug|Mixed Platforms.ActiveCfg = Debug|Any CPU
		{DAA35876-4F16-4A6B-B91C-0FE8686CBA57}.Debug|Mixed Platforms.Build.0 = Debug|Any CPU
		{DAA35876-4F16-4A6B-B91C-0FE8686CBA57}.Debug|x64.ActiveCfg = Debug|Any CPU
		{DAA35876-4F16-4A6B-B91C-0FE8686CBA57}.Debug|x64.Build.0 = Debug|Any CPU
		{DAA35876-4F16-4A6B-B91C-0FE8686CBA57}.Debug|x86.ActiveCfg = Debug|Any CPU
		{DAA35876-4F16-4A6B-B91C-0FE8686CBA57}.Debug|x86.Build.0 = Debug|Any CPU
		{DAA35876-4F16-4A6B-B91C-0FE8686CBA57}.EmailValidator|Any CPU.ActiveCfg = Debug|Any CPU
		{DAA35876-4F16-4A6B-B91C-0FE8686CBA57}.EmailValidator|Any CPU.Build.0 = Debug|Any CPU
		{DAA35876-4F16-4A6B-B91C-0FE8686CBA57}.EmailValidator|Mixed Platforms.ActiveCfg = Debug|Any CPU
		{DAA35876-4F16-4A6B-B91C-0FE8686CBA57}.EmailValidator|Mixed Platforms.Build.0 = Debug|Any CPU
		{DAA35876-4F16-4A6B-B91C-0FE8686CBA57}.EmailValidator|x64.ActiveCfg = Debug|Any CPU
		{DAA35876-4F16-4A6B-B91C-0FE8686CBA57}.EmailValidator|x64.Build.0 = Debug|Any CPU
		{DAA35876-4F16-4A6B-B91C-0FE8686CBA57}.EmailValidator|x86.ActiveCfg = Debug|Any CPU
		{DAA35876-4F16-4A6B-B91C-0FE8686CBA57}.EmailValidator|x86.Build.0 = Debug|Any CPU
		{DAA35876-4F16-4A6B-B91C-0FE8686CBA57}.Publish|Any CPU.ActiveCfg = Debug|Any CPU
		{DAA35876-4F16-4A6B-B91C-0FE8686CBA57}.Publish|Any CPU.Build.0 = Debug|Any CPU
		{DAA35876-4F16-4A6B-B91C-0FE8686CBA57}.Publish|Mixed Platforms.ActiveCfg = Debug|Any CPU
		{DAA35876-4F16-4A6B-B91C-0FE8686CBA57}.Publish|Mixed Platforms.Build.0 = Debug|Any CPU
		{DAA35876-4F16-4A6B-B91C-0FE8686CBA57}.Publish|x64.ActiveCfg = Debug|Any CPU
		{DAA35876-4F16-4A6B-B91C-0FE8686CBA57}.Publish|x64.Build.0 = Debug|Any CPU
		{DAA35876-4F16-4A6B-B91C-0FE8686CBA57}.Publish|x86.ActiveCfg = Debug|Any CPU
		{DAA35876-4F16-4A6B-B91C-0FE8686CBA57}.Publish|x86.Build.0 = Debug|Any CPU
		{DAA35876-4F16-4A6B-B91C-0FE8686CBA57}.RedeemGiftTest|Any CPU.ActiveCfg = Release|Any CPU
		{DAA35876-4F16-4A6B-B91C-0FE8686CBA57}.RedeemGiftTest|Any CPU.Build.0 = Release|Any CPU
		{DAA35876-4F16-4A6B-B91C-0FE8686CBA57}.RedeemGiftTest|Mixed Platforms.ActiveCfg = Release|Any CPU
		{DAA35876-4F16-4A6B-B91C-0FE8686CBA57}.RedeemGiftTest|Mixed Platforms.Build.0 = Release|Any CPU
		{DAA35876-4F16-4A6B-B91C-0FE8686CBA57}.RedeemGiftTest|x64.ActiveCfg = Release|Any CPU
		{DAA35876-4F16-4A6B-B91C-0FE8686CBA57}.RedeemGiftTest|x64.Build.0 = Release|Any CPU
		{DAA35876-4F16-4A6B-B91C-0FE8686CBA57}.RedeemGiftTest|x86.ActiveCfg = Release|Any CPU
		{DAA35876-4F16-4A6B-B91C-0FE8686CBA57}.RedeemGiftTest|x86.Build.0 = Release|Any CPU
		{DAA35876-4F16-4A6B-B91C-0FE8686CBA57}.Release|Any CPU.ActiveCfg = Release|Any CPU
		{DAA35876-4F16-4A6B-B91C-0FE8686CBA57}.Release|Any CPU.Build.0 = Release|Any CPU
		{DAA35876-4F16-4A6B-B91C-0FE8686CBA57}.Release|Mixed Platforms.ActiveCfg = Release|Any CPU
		{DAA35876-4F16-4A6B-B91C-0FE8686CBA57}.Release|Mixed Platforms.Build.0 = Release|Any CPU
		{DAA35876-4F16-4A6B-B91C-0FE8686CBA57}.Release|x64.ActiveCfg = Release|Any CPU
		{DAA35876-4F16-4A6B-B91C-0FE8686CBA57}.Release|x64.Build.0 = Release|Any CPU
		{DAA35876-4F16-4A6B-B91C-0FE8686CBA57}.Release|x86.ActiveCfg = Release|Any CPU
		{DAA35876-4F16-4A6B-B91C-0FE8686CBA57}.Release|x86.Build.0 = Release|Any CPU
		{DAA35876-4F16-4A6B-B91C-0FE8686CBA57}.Test|Any CPU.ActiveCfg = Debug|Any CPU
		{DAA35876-4F16-4A6B-B91C-0FE8686CBA57}.Test|Any CPU.Build.0 = Debug|Any CPU
		{DAA35876-4F16-4A6B-B91C-0FE8686CBA57}.Test|Mixed Platforms.ActiveCfg = Debug|Any CPU
		{DAA35876-4F16-4A6B-B91C-0FE8686CBA57}.Test|Mixed Platforms.Build.0 = Debug|Any CPU
		{DAA35876-4F16-4A6B-B91C-0FE8686CBA57}.Test|x64.ActiveCfg = Debug|Any CPU
		{DAA35876-4F16-4A6B-B91C-0FE8686CBA57}.Test|x64.Build.0 = Debug|Any CPU
		{DAA35876-4F16-4A6B-B91C-0FE8686CBA57}.Test|x86.ActiveCfg = Debug|Any CPU
		{DAA35876-4F16-4A6B-B91C-0FE8686CBA57}.Test|x86.Build.0 = Debug|Any CPU
		{5EF66676-34BC-46BD-808F-D136E4128BF9}.Debug|Any CPU.ActiveCfg = Debug|Any CPU
		{5EF66676-34BC-46BD-808F-D136E4128BF9}.Debug|Any CPU.Build.0 = Debug|Any CPU
		{5EF66676-34BC-46BD-808F-D136E4128BF9}.Debug|Mixed Platforms.ActiveCfg = Debug|Any CPU
		{5EF66676-34BC-46BD-808F-D136E4128BF9}.Debug|Mixed Platforms.Build.0 = Debug|Any CPU
		{5EF66676-34BC-46BD-808F-D136E4128BF9}.Debug|x64.ActiveCfg = Debug|Any CPU
		{5EF66676-34BC-46BD-808F-D136E4128BF9}.Debug|x64.Build.0 = Debug|Any CPU
		{5EF66676-34BC-46BD-808F-D136E4128BF9}.Debug|x86.ActiveCfg = Debug|Any CPU
		{5EF66676-34BC-46BD-808F-D136E4128BF9}.Debug|x86.Build.0 = Debug|Any CPU
		{5EF66676-34BC-46BD-808F-D136E4128BF9}.EmailValidator|Any CPU.ActiveCfg = Debug|Any CPU
		{5EF66676-34BC-46BD-808F-D136E4128BF9}.EmailValidator|Any CPU.Build.0 = Debug|Any CPU
		{5EF66676-34BC-46BD-808F-D136E4128BF9}.EmailValidator|Mixed Platforms.ActiveCfg = Debug|Any CPU
		{5EF66676-34BC-46BD-808F-D136E4128BF9}.EmailValidator|Mixed Platforms.Build.0 = Debug|Any CPU
		{5EF66676-34BC-46BD-808F-D136E4128BF9}.EmailValidator|x64.ActiveCfg = Debug|Any CPU
		{5EF66676-34BC-46BD-808F-D136E4128BF9}.EmailValidator|x64.Build.0 = Debug|Any CPU
		{5EF66676-34BC-46BD-808F-D136E4128BF9}.EmailValidator|x86.ActiveCfg = Debug|Any CPU
		{5EF66676-34BC-46BD-808F-D136E4128BF9}.EmailValidator|x86.Build.0 = Debug|Any CPU
		{5EF66676-34BC-46BD-808F-D136E4128BF9}.Publish|Any CPU.ActiveCfg = Debug|Any CPU
		{5EF66676-34BC-46BD-808F-D136E4128BF9}.Publish|Any CPU.Build.0 = Debug|Any CPU
		{5EF66676-34BC-46BD-808F-D136E4128BF9}.Publish|Mixed Platforms.ActiveCfg = Debug|Any CPU
		{5EF66676-34BC-46BD-808F-D136E4128BF9}.Publish|Mixed Platforms.Build.0 = Debug|Any CPU
		{5EF66676-34BC-46BD-808F-D136E4128BF9}.Publish|x64.ActiveCfg = Debug|Any CPU
		{5EF66676-34BC-46BD-808F-D136E4128BF9}.Publish|x64.Build.0 = Debug|Any CPU
		{5EF66676-34BC-46BD-808F-D136E4128BF9}.Publish|x86.ActiveCfg = Debug|Any CPU
		{5EF66676-34BC-46BD-808F-D136E4128BF9}.Publish|x86.Build.0 = Debug|Any CPU
		{5EF66676-34BC-46BD-808F-D136E4128BF9}.RedeemGiftTest|Any CPU.ActiveCfg = Release|Any CPU
		{5EF66676-34BC-46BD-808F-D136E4128BF9}.RedeemGiftTest|Any CPU.Build.0 = Release|Any CPU
		{5EF66676-34BC-46BD-808F-D136E4128BF9}.RedeemGiftTest|Mixed Platforms.ActiveCfg = Release|Any CPU
		{5EF66676-34BC-46BD-808F-D136E4128BF9}.RedeemGiftTest|Mixed Platforms.Build.0 = Release|Any CPU
		{5EF66676-34BC-46BD-808F-D136E4128BF9}.RedeemGiftTest|x64.ActiveCfg = Release|Any CPU
		{5EF66676-34BC-46BD-808F-D136E4128BF9}.RedeemGiftTest|x64.Build.0 = Release|Any CPU
		{5EF66676-34BC-46BD-808F-D136E4128BF9}.RedeemGiftTest|x86.ActiveCfg = Release|Any CPU
		{5EF66676-34BC-46BD-808F-D136E4128BF9}.RedeemGiftTest|x86.Build.0 = Release|Any CPU
		{5EF66676-34BC-46BD-808F-D136E4128BF9}.Release|Any CPU.ActiveCfg = Release|Any CPU
		{5EF66676-34BC-46BD-808F-D136E4128BF9}.Release|Any CPU.Build.0 = Release|Any CPU
		{5EF66676-34BC-46BD-808F-D136E4128BF9}.Release|Mixed Platforms.ActiveCfg = Release|Any CPU
		{5EF66676-34BC-46BD-808F-D136E4128BF9}.Release|Mixed Platforms.Build.0 = Release|Any CPU
		{5EF66676-34BC-46BD-808F-D136E4128BF9}.Release|x64.ActiveCfg = Release|Any CPU
		{5EF66676-34BC-46BD-808F-D136E4128BF9}.Release|x64.Build.0 = Release|Any CPU
		{5EF66676-34BC-46BD-808F-D136E4128BF9}.Release|x86.ActiveCfg = Release|Any CPU
		{5EF66676-34BC-46BD-808F-D136E4128BF9}.Release|x86.Build.0 = Release|Any CPU
		{5EF66676-34BC-46BD-808F-D136E4128BF9}.Test|Any CPU.ActiveCfg = Debug|Any CPU
		{5EF66676-34BC-46BD-808F-D136E4128BF9}.Test|Any CPU.Build.0 = Debug|Any CPU
		{5EF66676-34BC-46BD-808F-D136E4128BF9}.Test|Mixed Platforms.ActiveCfg = Debug|Any CPU
		{5EF66676-34BC-46BD-808F-D136E4128BF9}.Test|Mixed Platforms.Build.0 = Debug|Any CPU
		{5EF66676-34BC-46BD-808F-D136E4128BF9}.Test|x64.ActiveCfg = Debug|Any CPU
		{5EF66676-34BC-46BD-808F-D136E4128BF9}.Test|x64.Build.0 = Debug|Any CPU
		{5EF66676-34BC-46BD-808F-D136E4128BF9}.Test|x86.ActiveCfg = Debug|Any CPU
		{5EF66676-34BC-46BD-808F-D136E4128BF9}.Test|x86.Build.0 = Debug|Any CPU
		{A537FF21-3384-4CF4-8621-E5E436F72226}.Debug|Any CPU.ActiveCfg = Debug|Any CPU
		{A537FF21-3384-4CF4-8621-E5E436F72226}.Debug|Any CPU.Build.0 = Debug|Any CPU
		{A537FF21-3384-4CF4-8621-E5E436F72226}.Debug|Mixed Platforms.ActiveCfg = Debug|Any CPU
		{A537FF21-3384-4CF4-8621-E5E436F72226}.Debug|Mixed Platforms.Build.0 = Debug|Any CPU
		{A537FF21-3384-4CF4-8621-E5E436F72226}.Debug|x64.ActiveCfg = Debug|Any CPU
		{A537FF21-3384-4CF4-8621-E5E436F72226}.Debug|x64.Build.0 = Debug|Any CPU
		{A537FF21-3384-4CF4-8621-E5E436F72226}.Debug|x86.ActiveCfg = Debug|Any CPU
		{A537FF21-3384-4CF4-8621-E5E436F72226}.Debug|x86.Build.0 = Debug|Any CPU
		{A537FF21-3384-4CF4-8621-E5E436F72226}.EmailValidator|Any CPU.ActiveCfg = Debug|Any CPU
		{A537FF21-3384-4CF4-8621-E5E436F72226}.EmailValidator|Any CPU.Build.0 = Debug|Any CPU
		{A537FF21-3384-4CF4-8621-E5E436F72226}.EmailValidator|Mixed Platforms.ActiveCfg = Debug|Any CPU
		{A537FF21-3384-4CF4-8621-E5E436F72226}.EmailValidator|Mixed Platforms.Build.0 = Debug|Any CPU
		{A537FF21-3384-4CF4-8621-E5E436F72226}.EmailValidator|x64.ActiveCfg = Debug|Any CPU
		{A537FF21-3384-4CF4-8621-E5E436F72226}.EmailValidator|x64.Build.0 = Debug|Any CPU
		{A537FF21-3384-4CF4-8621-E5E436F72226}.EmailValidator|x86.ActiveCfg = Debug|Any CPU
		{A537FF21-3384-4CF4-8621-E5E436F72226}.EmailValidator|x86.Build.0 = Debug|Any CPU
		{A537FF21-3384-4CF4-8621-E5E436F72226}.Publish|Any CPU.ActiveCfg = Debug|Any CPU
		{A537FF21-3384-4CF4-8621-E5E436F72226}.Publish|Any CPU.Build.0 = Debug|Any CPU
		{A537FF21-3384-4CF4-8621-E5E436F72226}.Publish|Mixed Platforms.ActiveCfg = Debug|Any CPU
		{A537FF21-3384-4CF4-8621-E5E436F72226}.Publish|Mixed Platforms.Build.0 = Debug|Any CPU
		{A537FF21-3384-4CF4-8621-E5E436F72226}.Publish|x64.ActiveCfg = Debug|Any CPU
		{A537FF21-3384-4CF4-8621-E5E436F72226}.Publish|x64.Build.0 = Debug|Any CPU
		{A537FF21-3384-4CF4-8621-E5E436F72226}.Publish|x86.ActiveCfg = Debug|Any CPU
		{A537FF21-3384-4CF4-8621-E5E436F72226}.Publish|x86.Build.0 = Debug|Any CPU
		{A537FF21-3384-4CF4-8621-E5E436F72226}.RedeemGiftTest|Any CPU.ActiveCfg = Release|Any CPU
		{A537FF21-3384-4CF4-8621-E5E436F72226}.RedeemGiftTest|Any CPU.Build.0 = Release|Any CPU
		{A537FF21-3384-4CF4-8621-E5E436F72226}.RedeemGiftTest|Mixed Platforms.ActiveCfg = Release|Any CPU
		{A537FF21-3384-4CF4-8621-E5E436F72226}.RedeemGiftTest|Mixed Platforms.Build.0 = Release|Any CPU
		{A537FF21-3384-4CF4-8621-E5E436F72226}.RedeemGiftTest|x64.ActiveCfg = Release|Any CPU
		{A537FF21-3384-4CF4-8621-E5E436F72226}.RedeemGiftTest|x64.Build.0 = Release|Any CPU
		{A537FF21-3384-4CF4-8621-E5E436F72226}.RedeemGiftTest|x86.ActiveCfg = Release|Any CPU
		{A537FF21-3384-4CF4-8621-E5E436F72226}.RedeemGiftTest|x86.Build.0 = Release|Any CPU
		{A537FF21-3384-4CF4-8621-E5E436F72226}.Release|Any CPU.ActiveCfg = Release|Any CPU
		{A537FF21-3384-4CF4-8621-E5E436F72226}.Release|Any CPU.Build.0 = Release|Any CPU
		{A537FF21-3384-4CF4-8621-E5E436F72226}.Release|Mixed Platforms.ActiveCfg = Release|Any CPU
		{A537FF21-3384-4CF4-8621-E5E436F72226}.Release|Mixed Platforms.Build.0 = Release|Any CPU
		{A537FF21-3384-4CF4-8621-E5E436F72226}.Release|x64.ActiveCfg = Release|Any CPU
		{A537FF21-3384-4CF4-8621-E5E436F72226}.Release|x64.Build.0 = Release|Any CPU
		{A537FF21-3384-4CF4-8621-E5E436F72226}.Release|x86.ActiveCfg = Release|Any CPU
		{A537FF21-3384-4CF4-8621-E5E436F72226}.Release|x86.Build.0 = Release|Any CPU
		{A537FF21-3384-4CF4-8621-E5E436F72226}.Test|Any CPU.ActiveCfg = Debug|Any CPU
		{A537FF21-3384-4CF4-8621-E5E436F72226}.Test|Any CPU.Build.0 = Debug|Any CPU
		{A537FF21-3384-4CF4-8621-E5E436F72226}.Test|Mixed Platforms.ActiveCfg = Debug|Any CPU
		{A537FF21-3384-4CF4-8621-E5E436F72226}.Test|Mixed Platforms.Build.0 = Debug|Any CPU
		{A537FF21-3384-4CF4-8621-E5E436F72226}.Test|x64.ActiveCfg = Debug|Any CPU
		{A537FF21-3384-4CF4-8621-E5E436F72226}.Test|x64.Build.0 = Debug|Any CPU
		{A537FF21-3384-4CF4-8621-E5E436F72226}.Test|x86.ActiveCfg = Debug|Any CPU
		{A537FF21-3384-4CF4-8621-E5E436F72226}.Test|x86.Build.0 = Debug|Any CPU
		{E492D755-424D-48BF-906F-0E22E6D7F327}.Debug|Any CPU.ActiveCfg = Debug|Any CPU
		{E492D755-424D-48BF-906F-0E22E6D7F327}.Debug|Any CPU.Build.0 = Debug|Any CPU
		{E492D755-424D-48BF-906F-0E22E6D7F327}.Debug|Mixed Platforms.ActiveCfg = Debug|Any CPU
		{E492D755-424D-48BF-906F-0E22E6D7F327}.Debug|Mixed Platforms.Build.0 = Debug|Any CPU
		{E492D755-424D-48BF-906F-0E22E6D7F327}.Debug|x64.ActiveCfg = Debug|Any CPU
		{E492D755-424D-48BF-906F-0E22E6D7F327}.Debug|x64.Build.0 = Debug|Any CPU
		{E492D755-424D-48BF-906F-0E22E6D7F327}.Debug|x86.ActiveCfg = Debug|Any CPU
		{E492D755-424D-48BF-906F-0E22E6D7F327}.Debug|x86.Build.0 = Debug|Any CPU
		{E492D755-424D-48BF-906F-0E22E6D7F327}.EmailValidator|Any CPU.ActiveCfg = Debug|Any CPU
		{E492D755-424D-48BF-906F-0E22E6D7F327}.EmailValidator|Any CPU.Build.0 = Debug|Any CPU
		{E492D755-424D-48BF-906F-0E22E6D7F327}.EmailValidator|Mixed Platforms.ActiveCfg = Debug|Any CPU
		{E492D755-424D-48BF-906F-0E22E6D7F327}.EmailValidator|Mixed Platforms.Build.0 = Debug|Any CPU
		{E492D755-424D-48BF-906F-0E22E6D7F327}.EmailValidator|x64.ActiveCfg = Debug|Any CPU
		{E492D755-424D-48BF-906F-0E22E6D7F327}.EmailValidator|x64.Build.0 = Debug|Any CPU
		{E492D755-424D-48BF-906F-0E22E6D7F327}.EmailValidator|x86.ActiveCfg = Debug|Any CPU
		{E492D755-424D-48BF-906F-0E22E6D7F327}.EmailValidator|x86.Build.0 = Debug|Any CPU
		{E492D755-424D-48BF-906F-0E22E6D7F327}.Publish|Any CPU.ActiveCfg = Debug|Any CPU
		{E492D755-424D-48BF-906F-0E22E6D7F327}.Publish|Any CPU.Build.0 = Debug|Any CPU
		{E492D755-424D-48BF-906F-0E22E6D7F327}.Publish|Mixed Platforms.ActiveCfg = Debug|Any CPU
		{E492D755-424D-48BF-906F-0E22E6D7F327}.Publish|Mixed Platforms.Build.0 = Debug|Any CPU
		{E492D755-424D-48BF-906F-0E22E6D7F327}.Publish|x64.ActiveCfg = Debug|Any CPU
		{E492D755-424D-48BF-906F-0E22E6D7F327}.Publish|x64.Build.0 = Debug|Any CPU
		{E492D755-424D-48BF-906F-0E22E6D7F327}.Publish|x86.ActiveCfg = Debug|Any CPU
		{E492D755-424D-48BF-906F-0E22E6D7F327}.Publish|x86.Build.0 = Debug|Any CPU
		{E492D755-424D-48BF-906F-0E22E6D7F327}.RedeemGiftTest|Any CPU.ActiveCfg = Release|Any CPU
		{E492D755-424D-48BF-906F-0E22E6D7F327}.RedeemGiftTest|Any CPU.Build.0 = Release|Any CPU
		{E492D755-424D-48BF-906F-0E22E6D7F327}.RedeemGiftTest|Mixed Platforms.ActiveCfg = Release|Any CPU
		{E492D755-424D-48BF-906F-0E22E6D7F327}.RedeemGiftTest|Mixed Platforms.Build.0 = Release|Any CPU
		{E492D755-424D-48BF-906F-0E22E6D7F327}.RedeemGiftTest|x64.ActiveCfg = Release|Any CPU
		{E492D755-424D-48BF-906F-0E22E6D7F327}.RedeemGiftTest|x64.Build.0 = Release|Any CPU
		{E492D755-424D-48BF-906F-0E22E6D7F327}.RedeemGiftTest|x86.ActiveCfg = Release|Any CPU
		{E492D755-424D-48BF-906F-0E22E6D7F327}.RedeemGiftTest|x86.Build.0 = Release|Any CPU
		{E492D755-424D-48BF-906F-0E22E6D7F327}.Release|Any CPU.ActiveCfg = Release|Any CPU
		{E492D755-424D-48BF-906F-0E22E6D7F327}.Release|Any CPU.Build.0 = Release|Any CPU
		{E492D755-424D-48BF-906F-0E22E6D7F327}.Release|Mixed Platforms.ActiveCfg = Release|Any CPU
		{E492D755-424D-48BF-906F-0E22E6D7F327}.Release|Mixed Platforms.Build.0 = Release|Any CPU
		{E492D755-424D-48BF-906F-0E22E6D7F327}.Release|x64.ActiveCfg = Release|Any CPU
		{E492D755-424D-48BF-906F-0E22E6D7F327}.Release|x64.Build.0 = Release|Any CPU
		{E492D755-424D-48BF-906F-0E22E6D7F327}.Release|x86.ActiveCfg = Release|Any CPU
		{E492D755-424D-48BF-906F-0E22E6D7F327}.Release|x86.Build.0 = Release|Any CPU
		{E492D755-424D-48BF-906F-0E22E6D7F327}.Test|Any CPU.ActiveCfg = Debug|Any CPU
		{E492D755-424D-48BF-906F-0E22E6D7F327}.Test|Any CPU.Build.0 = Debug|Any CPU
		{E492D755-424D-48BF-906F-0E22E6D7F327}.Test|Mixed Platforms.ActiveCfg = Debug|Any CPU
		{E492D755-424D-48BF-906F-0E22E6D7F327}.Test|Mixed Platforms.Build.0 = Debug|Any CPU
		{E492D755-424D-48BF-906F-0E22E6D7F327}.Test|x64.ActiveCfg = Debug|Any CPU
		{E492D755-424D-48BF-906F-0E22E6D7F327}.Test|x64.Build.0 = Debug|Any CPU
		{E492D755-424D-48BF-906F-0E22E6D7F327}.Test|x86.ActiveCfg = Debug|Any CPU
		{E492D755-424D-48BF-906F-0E22E6D7F327}.Test|x86.Build.0 = Debug|Any CPU
		{D4CFBC00-7C31-475E-852A-1F209BDDB2AC}.Debug|Any CPU.ActiveCfg = Debug|Any CPU
		{D4CFBC00-7C31-475E-852A-1F209BDDB2AC}.Debug|Any CPU.Build.0 = Debug|Any CPU
		{D4CFBC00-7C31-475E-852A-1F209BDDB2AC}.Debug|Mixed Platforms.ActiveCfg = Debug|Any CPU
		{D4CFBC00-7C31-475E-852A-1F209BDDB2AC}.Debug|Mixed Platforms.Build.0 = Debug|Any CPU
		{D4CFBC00-7C31-475E-852A-1F209BDDB2AC}.Debug|x64.ActiveCfg = Debug|Any CPU
		{D4CFBC00-7C31-475E-852A-1F209BDDB2AC}.Debug|x64.Build.0 = Debug|Any CPU
		{D4CFBC00-7C31-475E-852A-1F209BDDB2AC}.Debug|x86.ActiveCfg = Debug|Any CPU
		{D4CFBC00-7C31-475E-852A-1F209BDDB2AC}.Debug|x86.Build.0 = Debug|Any CPU
		{D4CFBC00-7C31-475E-852A-1F209BDDB2AC}.EmailValidator|Any CPU.ActiveCfg = Debug|Any CPU
		{D4CFBC00-7C31-475E-852A-1F209BDDB2AC}.EmailValidator|Any CPU.Build.0 = Debug|Any CPU
		{D4CFBC00-7C31-475E-852A-1F209BDDB2AC}.EmailValidator|Mixed Platforms.ActiveCfg = Debug|Any CPU
		{D4CFBC00-7C31-475E-852A-1F209BDDB2AC}.EmailValidator|Mixed Platforms.Build.0 = Debug|Any CPU
		{D4CFBC00-7C31-475E-852A-1F209BDDB2AC}.EmailValidator|x64.ActiveCfg = Debug|Any CPU
		{D4CFBC00-7C31-475E-852A-1F209BDDB2AC}.EmailValidator|x64.Build.0 = Debug|Any CPU
		{D4CFBC00-7C31-475E-852A-1F209BDDB2AC}.EmailValidator|x86.ActiveCfg = Debug|Any CPU
		{D4CFBC00-7C31-475E-852A-1F209BDDB2AC}.EmailValidator|x86.Build.0 = Debug|Any CPU
		{D4CFBC00-7C31-475E-852A-1F209BDDB2AC}.Publish|Any CPU.ActiveCfg = Debug|Any CPU
		{D4CFBC00-7C31-475E-852A-1F209BDDB2AC}.Publish|Any CPU.Build.0 = Debug|Any CPU
		{D4CFBC00-7C31-475E-852A-1F209BDDB2AC}.Publish|Mixed Platforms.ActiveCfg = Debug|Any CPU
		{D4CFBC00-7C31-475E-852A-1F209BDDB2AC}.Publish|Mixed Platforms.Build.0 = Debug|Any CPU
		{D4CFBC00-7C31-475E-852A-1F209BDDB2AC}.Publish|x64.ActiveCfg = Debug|Any CPU
		{D4CFBC00-7C31-475E-852A-1F209BDDB2AC}.Publish|x64.Build.0 = Debug|Any CPU
		{D4CFBC00-7C31-475E-852A-1F209BDDB2AC}.Publish|x86.ActiveCfg = Debug|Any CPU
		{D4CFBC00-7C31-475E-852A-1F209BDDB2AC}.Publish|x86.Build.0 = Debug|Any CPU
		{D4CFBC00-7C31-475E-852A-1F209BDDB2AC}.RedeemGiftTest|Any CPU.ActiveCfg = Release|Any CPU
		{D4CFBC00-7C31-475E-852A-1F209BDDB2AC}.RedeemGiftTest|Any CPU.Build.0 = Release|Any CPU
		{D4CFBC00-7C31-475E-852A-1F209BDDB2AC}.RedeemGiftTest|Mixed Platforms.ActiveCfg = Release|Any CPU
		{D4CFBC00-7C31-475E-852A-1F209BDDB2AC}.RedeemGiftTest|Mixed Platforms.Build.0 = Release|Any CPU
		{D4CFBC00-7C31-475E-852A-1F209BDDB2AC}.RedeemGiftTest|x64.ActiveCfg = Release|Any CPU
		{D4CFBC00-7C31-475E-852A-1F209BDDB2AC}.RedeemGiftTest|x64.Build.0 = Release|Any CPU
		{D4CFBC00-7C31-475E-852A-1F209BDDB2AC}.RedeemGiftTest|x86.ActiveCfg = Release|Any CPU
		{D4CFBC00-7C31-475E-852A-1F209BDDB2AC}.RedeemGiftTest|x86.Build.0 = Release|Any CPU
		{D4CFBC00-7C31-475E-852A-1F209BDDB2AC}.Release|Any CPU.ActiveCfg = Release|Any CPU
		{D4CFBC00-7C31-475E-852A-1F209BDDB2AC}.Release|Any CPU.Build.0 = Release|Any CPU
		{D4CFBC00-7C31-475E-852A-1F209BDDB2AC}.Release|Mixed Platforms.ActiveCfg = Release|Any CPU
		{D4CFBC00-7C31-475E-852A-1F209BDDB2AC}.Release|Mixed Platforms.Build.0 = Release|Any CPU
		{D4CFBC00-7C31-475E-852A-1F209BDDB2AC}.Release|x64.ActiveCfg = Release|Any CPU
		{D4CFBC00-7C31-475E-852A-1F209BDDB2AC}.Release|x64.Build.0 = Release|Any CPU
		{D4CFBC00-7C31-475E-852A-1F209BDDB2AC}.Release|x86.ActiveCfg = Release|Any CPU
		{D4CFBC00-7C31-475E-852A-1F209BDDB2AC}.Release|x86.Build.0 = Release|Any CPU
		{D4CFBC00-7C31-475E-852A-1F209BDDB2AC}.Test|Any CPU.ActiveCfg = Debug|Any CPU
		{D4CFBC00-7C31-475E-852A-1F209BDDB2AC}.Test|Any CPU.Build.0 = Debug|Any CPU
		{D4CFBC00-7C31-475E-852A-1F209BDDB2AC}.Test|Mixed Platforms.ActiveCfg = Debug|Any CPU
		{D4CFBC00-7C31-475E-852A-1F209BDDB2AC}.Test|Mixed Platforms.Build.0 = Debug|Any CPU
		{D4CFBC00-7C31-475E-852A-1F209BDDB2AC}.Test|x64.ActiveCfg = Debug|Any CPU
		{D4CFBC00-7C31-475E-852A-1F209BDDB2AC}.Test|x64.Build.0 = Debug|Any CPU
		{D4CFBC00-7C31-475E-852A-1F209BDDB2AC}.Test|x86.ActiveCfg = Debug|Any CPU
		{D4CFBC00-7C31-475E-852A-1F209BDDB2AC}.Test|x86.Build.0 = Debug|Any CPU
		{66203CB5-FB2F-408F-9991-2C8D1363AD6E}.Debug|Any CPU.ActiveCfg = Debug|Any CPU
		{66203CB5-FB2F-408F-9991-2C8D1363AD6E}.Debug|Any CPU.Build.0 = Debug|Any CPU
		{66203CB5-FB2F-408F-9991-2C8D1363AD6E}.Debug|Mixed Platforms.ActiveCfg = Debug|Any CPU
		{66203CB5-FB2F-408F-9991-2C8D1363AD6E}.Debug|Mixed Platforms.Build.0 = Debug|Any CPU
		{66203CB5-FB2F-408F-9991-2C8D1363AD6E}.Debug|x64.ActiveCfg = Debug|Any CPU
		{66203CB5-FB2F-408F-9991-2C8D1363AD6E}.Debug|x64.Build.0 = Debug|Any CPU
		{66203CB5-FB2F-408F-9991-2C8D1363AD6E}.Debug|x86.ActiveCfg = Debug|Any CPU
		{66203CB5-FB2F-408F-9991-2C8D1363AD6E}.Debug|x86.Build.0 = Debug|Any CPU
		{66203CB5-FB2F-408F-9991-2C8D1363AD6E}.EmailValidator|Any CPU.ActiveCfg = Debug|Any CPU
		{66203CB5-FB2F-408F-9991-2C8D1363AD6E}.EmailValidator|Any CPU.Build.0 = Debug|Any CPU
		{66203CB5-FB2F-408F-9991-2C8D1363AD6E}.EmailValidator|Mixed Platforms.ActiveCfg = Debug|Any CPU
		{66203CB5-FB2F-408F-9991-2C8D1363AD6E}.EmailValidator|Mixed Platforms.Build.0 = Debug|Any CPU
		{66203CB5-FB2F-408F-9991-2C8D1363AD6E}.EmailValidator|x64.ActiveCfg = Debug|Any CPU
		{66203CB5-FB2F-408F-9991-2C8D1363AD6E}.EmailValidator|x64.Build.0 = Debug|Any CPU
		{66203CB5-FB2F-408F-9991-2C8D1363AD6E}.EmailValidator|x86.ActiveCfg = Debug|Any CPU
		{66203CB5-FB2F-408F-9991-2C8D1363AD6E}.EmailValidator|x86.Build.0 = Debug|Any CPU
		{66203CB5-FB2F-408F-9991-2C8D1363AD6E}.Publish|Any CPU.ActiveCfg = Debug|Any CPU
		{66203CB5-FB2F-408F-9991-2C8D1363AD6E}.Publish|Any CPU.Build.0 = Debug|Any CPU
		{66203CB5-FB2F-408F-9991-2C8D1363AD6E}.Publish|Mixed Platforms.ActiveCfg = Debug|Any CPU
		{66203CB5-FB2F-408F-9991-2C8D1363AD6E}.Publish|Mixed Platforms.Build.0 = Debug|Any CPU
		{66203CB5-FB2F-408F-9991-2C8D1363AD6E}.Publish|x64.ActiveCfg = Debug|Any CPU
		{66203CB5-FB2F-408F-9991-2C8D1363AD6E}.Publish|x64.Build.0 = Debug|Any CPU
		{66203CB5-FB2F-408F-9991-2C8D1363AD6E}.Publish|x86.ActiveCfg = Debug|Any CPU
		{66203CB5-FB2F-408F-9991-2C8D1363AD6E}.Publish|x86.Build.0 = Debug|Any CPU
		{66203CB5-FB2F-408F-9991-2C8D1363AD6E}.RedeemGiftTest|Any CPU.ActiveCfg = Release|Any CPU
		{66203CB5-FB2F-408F-9991-2C8D1363AD6E}.RedeemGiftTest|Any CPU.Build.0 = Release|Any CPU
		{66203CB5-FB2F-408F-9991-2C8D1363AD6E}.RedeemGiftTest|Mixed Platforms.ActiveCfg = Release|Any CPU
		{66203CB5-FB2F-408F-9991-2C8D1363AD6E}.RedeemGiftTest|Mixed Platforms.Build.0 = Release|Any CPU
		{66203CB5-FB2F-408F-9991-2C8D1363AD6E}.RedeemGiftTest|x64.ActiveCfg = Release|Any CPU
		{66203CB5-FB2F-408F-9991-2C8D1363AD6E}.RedeemGiftTest|x64.Build.0 = Release|Any CPU
		{66203CB5-FB2F-408F-9991-2C8D1363AD6E}.RedeemGiftTest|x86.ActiveCfg = Release|Any CPU
		{66203CB5-FB2F-408F-9991-2C8D1363AD6E}.RedeemGiftTest|x86.Build.0 = Release|Any CPU
		{66203CB5-FB2F-408F-9991-2C8D1363AD6E}.Release|Any CPU.ActiveCfg = Release|Any CPU
		{66203CB5-FB2F-408F-9991-2C8D1363AD6E}.Release|Any CPU.Build.0 = Release|Any CPU
		{66203CB5-FB2F-408F-9991-2C8D1363AD6E}.Release|Mixed Platforms.ActiveCfg = Release|Any CPU
		{66203CB5-FB2F-408F-9991-2C8D1363AD6E}.Release|Mixed Platforms.Build.0 = Release|Any CPU
		{66203CB5-FB2F-408F-9991-2C8D1363AD6E}.Release|x64.ActiveCfg = Release|Any CPU
		{66203CB5-FB2F-408F-9991-2C8D1363AD6E}.Release|x64.Build.0 = Release|Any CPU
		{66203CB5-FB2F-408F-9991-2C8D1363AD6E}.Release|x86.ActiveCfg = Release|Any CPU
		{66203CB5-FB2F-408F-9991-2C8D1363AD6E}.Release|x86.Build.0 = Release|Any CPU
		{66203CB5-FB2F-408F-9991-2C8D1363AD6E}.Test|Any CPU.ActiveCfg = Debug|Any CPU
		{66203CB5-FB2F-408F-9991-2C8D1363AD6E}.Test|Any CPU.Build.0 = Debug|Any CPU
		{66203CB5-FB2F-408F-9991-2C8D1363AD6E}.Test|Mixed Platforms.ActiveCfg = Debug|Any CPU
		{66203CB5-FB2F-408F-9991-2C8D1363AD6E}.Test|Mixed Platforms.Build.0 = Debug|Any CPU
		{66203CB5-FB2F-408F-9991-2C8D1363AD6E}.Test|x64.ActiveCfg = Debug|Any CPU
		{66203CB5-FB2F-408F-9991-2C8D1363AD6E}.Test|x64.Build.0 = Debug|Any CPU
		{66203CB5-FB2F-408F-9991-2C8D1363AD6E}.Test|x86.ActiveCfg = Debug|Any CPU
		{66203CB5-FB2F-408F-9991-2C8D1363AD6E}.Test|x86.Build.0 = Debug|Any CPU
		{710456CA-DE7E-467A-AA6A-BC1E7AE9A6FA}.Debug|Any CPU.ActiveCfg = Debug|Any CPU
		{710456CA-DE7E-467A-AA6A-BC1E7AE9A6FA}.Debug|Any CPU.Build.0 = Debug|Any CPU
		{710456CA-DE7E-467A-AA6A-BC1E7AE9A6FA}.Debug|Mixed Platforms.ActiveCfg = Debug|Any CPU
		{710456CA-DE7E-467A-AA6A-BC1E7AE9A6FA}.Debug|Mixed Platforms.Build.0 = Debug|Any CPU
		{710456CA-DE7E-467A-AA6A-BC1E7AE9A6FA}.Debug|x64.ActiveCfg = Debug|Any CPU
		{710456CA-DE7E-467A-AA6A-BC1E7AE9A6FA}.Debug|x64.Build.0 = Debug|Any CPU
		{710456CA-DE7E-467A-AA6A-BC1E7AE9A6FA}.Debug|x86.ActiveCfg = Debug|Any CPU
		{710456CA-DE7E-467A-AA6A-BC1E7AE9A6FA}.Debug|x86.Build.0 = Debug|Any CPU
		{710456CA-DE7E-467A-AA6A-BC1E7AE9A6FA}.EmailValidator|Any CPU.ActiveCfg = Debug|Any CPU
		{710456CA-DE7E-467A-AA6A-BC1E7AE9A6FA}.EmailValidator|Any CPU.Build.0 = Debug|Any CPU
		{710456CA-DE7E-467A-AA6A-BC1E7AE9A6FA}.EmailValidator|Mixed Platforms.ActiveCfg = Debug|Any CPU
		{710456CA-DE7E-467A-AA6A-BC1E7AE9A6FA}.EmailValidator|Mixed Platforms.Build.0 = Debug|Any CPU
		{710456CA-DE7E-467A-AA6A-BC1E7AE9A6FA}.EmailValidator|x64.ActiveCfg = Debug|Any CPU
		{710456CA-DE7E-467A-AA6A-BC1E7AE9A6FA}.EmailValidator|x64.Build.0 = Debug|Any CPU
		{710456CA-DE7E-467A-AA6A-BC1E7AE9A6FA}.EmailValidator|x86.ActiveCfg = Debug|Any CPU
		{710456CA-DE7E-467A-AA6A-BC1E7AE9A6FA}.EmailValidator|x86.Build.0 = Debug|Any CPU
		{710456CA-DE7E-467A-AA6A-BC1E7AE9A6FA}.Publish|Any CPU.ActiveCfg = Debug|Any CPU
		{710456CA-DE7E-467A-AA6A-BC1E7AE9A6FA}.Publish|Any CPU.Build.0 = Debug|Any CPU
		{710456CA-DE7E-467A-AA6A-BC1E7AE9A6FA}.Publish|Mixed Platforms.ActiveCfg = Debug|Any CPU
		{710456CA-DE7E-467A-AA6A-BC1E7AE9A6FA}.Publish|Mixed Platforms.Build.0 = Debug|Any CPU
		{710456CA-DE7E-467A-AA6A-BC1E7AE9A6FA}.Publish|x64.ActiveCfg = Debug|Any CPU
		{710456CA-DE7E-467A-AA6A-BC1E7AE9A6FA}.Publish|x64.Build.0 = Debug|Any CPU
		{710456CA-DE7E-467A-AA6A-BC1E7AE9A6FA}.Publish|x86.ActiveCfg = Debug|Any CPU
		{710456CA-DE7E-467A-AA6A-BC1E7AE9A6FA}.Publish|x86.Build.0 = Debug|Any CPU
		{710456CA-DE7E-467A-AA6A-BC1E7AE9A6FA}.RedeemGiftTest|Any CPU.ActiveCfg = Release|Any CPU
		{710456CA-DE7E-467A-AA6A-BC1E7AE9A6FA}.RedeemGiftTest|Any CPU.Build.0 = Release|Any CPU
		{710456CA-DE7E-467A-AA6A-BC1E7AE9A6FA}.RedeemGiftTest|Mixed Platforms.ActiveCfg = Release|Any CPU
		{710456CA-DE7E-467A-AA6A-BC1E7AE9A6FA}.RedeemGiftTest|Mixed Platforms.Build.0 = Release|Any CPU
		{710456CA-DE7E-467A-AA6A-BC1E7AE9A6FA}.RedeemGiftTest|x64.ActiveCfg = Release|Any CPU
		{710456CA-DE7E-467A-AA6A-BC1E7AE9A6FA}.RedeemGiftTest|x64.Build.0 = Release|Any CPU
		{710456CA-DE7E-467A-AA6A-BC1E7AE9A6FA}.RedeemGiftTest|x86.ActiveCfg = Release|Any CPU
		{710456CA-DE7E-467A-AA6A-BC1E7AE9A6FA}.RedeemGiftTest|x86.Build.0 = Release|Any CPU
		{710456CA-DE7E-467A-AA6A-BC1E7AE9A6FA}.Release|Any CPU.ActiveCfg = Release|Any CPU
		{710456CA-DE7E-467A-AA6A-BC1E7AE9A6FA}.Release|Any CPU.Build.0 = Release|Any CPU
		{710456CA-DE7E-467A-AA6A-BC1E7AE9A6FA}.Release|Mixed Platforms.ActiveCfg = Release|Any CPU
		{710456CA-DE7E-467A-AA6A-BC1E7AE9A6FA}.Release|Mixed Platforms.Build.0 = Release|Any CPU
		{710456CA-DE7E-467A-AA6A-BC1E7AE9A6FA}.Release|x64.ActiveCfg = Release|Any CPU
		{710456CA-DE7E-467A-AA6A-BC1E7AE9A6FA}.Release|x64.Build.0 = Release|Any CPU
		{710456CA-DE7E-467A-AA6A-BC1E7AE9A6FA}.Release|x86.ActiveCfg = Release|Any CPU
		{710456CA-DE7E-467A-AA6A-BC1E7AE9A6FA}.Release|x86.Build.0 = Release|Any CPU
		{710456CA-DE7E-467A-AA6A-BC1E7AE9A6FA}.Test|Any CPU.ActiveCfg = Debug|Any CPU
		{710456CA-DE7E-467A-AA6A-BC1E7AE9A6FA}.Test|Any CPU.Build.0 = Debug|Any CPU
		{710456CA-DE7E-467A-AA6A-BC1E7AE9A6FA}.Test|Mixed Platforms.ActiveCfg = Debug|Any CPU
		{710456CA-DE7E-467A-AA6A-BC1E7AE9A6FA}.Test|Mixed Platforms.Build.0 = Debug|Any CPU
		{710456CA-DE7E-467A-AA6A-BC1E7AE9A6FA}.Test|x64.ActiveCfg = Debug|Any CPU
		{710456CA-DE7E-467A-AA6A-BC1E7AE9A6FA}.Test|x64.Build.0 = Debug|Any CPU
		{710456CA-DE7E-467A-AA6A-BC1E7AE9A6FA}.Test|x86.ActiveCfg = Debug|Any CPU
		{710456CA-DE7E-467A-AA6A-BC1E7AE9A6FA}.Test|x86.Build.0 = Debug|Any CPU
	EndGlobalSection
	GlobalSection(SolutionProperties) = preSolution
		HideSolutionNode = FALSE
	EndGlobalSection
	GlobalSection(NestedProjects) = preSolution
		{C4F05E7D-46F0-4B8F-A457-9D5BD98FB626} = {C0D48C6B-3AB3-4921-8525-D6010FAF26BD}
		{FA0C038B-569A-4746-A90C-FC3C3A2C402C} = {862C16E9-DF5E-4AF1-B72B-DB9214C9B885}
		{DAA35876-4F16-4A6B-B91C-0FE8686CBA57} = {862C16E9-DF5E-4AF1-B72B-DB9214C9B885}
		{5EF66676-34BC-46BD-808F-D136E4128BF9} = {862C16E9-DF5E-4AF1-B72B-DB9214C9B885}
		{A537FF21-3384-4CF4-8621-E5E436F72226} = {B8390689-26E6-46DE-9672-EAFADCD12B88}
		{E492D755-424D-48BF-906F-0E22E6D7F327} = {91D86871-A5CF-4811-B9B0-941728B55529}
		{D4CFBC00-7C31-475E-852A-1F209BDDB2AC} = {91D86871-A5CF-4811-B9B0-941728B55529}
		{66203CB5-FB2F-408F-9991-2C8D1363AD6E} = {E9CB29EC-FECB-4770-9113-8B4A8A0BC587}
		{710456CA-DE7E-467A-AA6A-BC1E7AE9A6FA} = {E9CB29EC-FECB-4770-9113-8B4A8A0BC587}
	EndGlobalSection
	GlobalSection(ExtensibilityGlobals) = postSolution
		VisualSVNWorkingCopyRoot = .
		EnterpriseLibraryConfigurationToolBinariesPath = packages\Unity.2.1.505.2\lib\NET35
	EndGlobalSection
	GlobalSection(TestCaseManagementSettings) = postSolution
		CategoryFile = KLS.vsmdi
	EndGlobalSection
EndGlobal
