
Microsoft Visual Studio Solution File, Format Version 12.00
# Visual Studio 14
VisualStudioVersion = 14.0.25420.1
MinimumVisualStudioVersion = 10.0.40219.1
Project("{2150E333-8FDC-42A3-9474-1A3956D46DE8}") = "Common", "Common", "{C0D48C6B-3AB3-4921-8525-D6010FAF26BD}"
EndProject
Project("{2150E333-8FDC-42A3-9474-1A3956D46DE8}") = "Data", "Data", "{862C16E9-DF5E-4AF1-B72B-DB9214C9B885}"
EndProject
Project("{2150E333-8FDC-42A3-9474-1A3956D46DE8}") = "Tests", "Tests", "{87F80724-B566-4089-9511-C7703C28B2F4}"
EndProject
Project("{2150E333-8FDC-42A3-9474-1A3956D46DE8}") = "Framework", "Framework", "{B8390689-26E6-46DE-9672-EAFADCD12B88}"
EndProject
Project("{2150E333-8FDC-42A3-9474-1A3956D46DE8}") = "Sites", "Sites", "{E9CB29EC-FECB-4770-9113-8B4A8A0BC587}"
EndProject
Project("{2150E333-8FDC-42A3-9474-1A3956D46DE8}") = "Modules", "Modules", "{91D86871-A5CF-4811-B9B0-941728B55529}"
EndProject
Project("{8BB2217D-0F2D-49D1-97BC-3654ED321F3B}") = "Bzway.Data.Core", "Data\Core\Bzway.Data.Core.xproj", "{3531115B-1D09-44A5-B313-95617CE09279}"
EndProject
Project("{8BB2217D-0F2D-49D1-97BC-3654ED321F3B}") = "Bzway.Common.Script", "Common\Script\Bzway.Common.Script.xproj", "{C4F05E7D-46F0-4B8F-A457-9D5BD98FB626}"
EndProject
Project("{8BB2217D-0F2D-49D1-97BC-3654ED321F3B}") = "Bzway.Common.Utility", "Common\Utility\Bzway.Common.Utility.xproj", "{D3A10611-3E72-4FA9-ABD6-AA753346A807}"
EndProject
Project("{8BB2217D-0F2D-49D1-97BC-3654ED321F3B}") = "Bzway.Data.File", "Data\File\Bzway.Data.File.xproj", "{DAA35876-4F16-4A6B-B91C-0FE8686CBA57}"
EndProject
Project("{8BB2217D-0F2D-49D1-97BC-3654ED321F3B}") = "Bzway.Data.Sql", "Data\Sql\Bzway.Data.Sql.xproj", "{5EF66676-34BC-46BD-808F-D136E4128BF9}"
EndProject
Project("{8BB2217D-0F2D-49D1-97BC-3654ED321F3B}") = "Bzway.Data.Mongo", "Data\Mongo\Bzway.Data.Mongo.xproj", "{C583980D-97DD-4DF9-97DF-50613284252E}"
EndProject
Project("{8BB2217D-0F2D-49D1-97BC-3654ED321F3B}") = "AppTest", "Tests\AppTest\AppTest.xproj", "{2190ABE9-2DB7-4CC0-B82B-17AD19B1557E}"
EndProject
Project("{2150E333-8FDC-42A3-9474-1A3956D46DE8}") = "Server", "Server", "{9630E019-D51D-424C-90FF-56DFE0302B2B}"
EndProject
Project("{8BB2217D-0F2D-49D1-97BC-3654ED321F3B}") = "Bzway.Wechat.MessageServer", "Server\WechatMessageServer\Bzway.Wechat.MessageServer.xproj", "{BB8B04E8-6790-4FA7-95E7-97E50765E64C}"
EndProject
Project("{2150E333-8FDC-42A3-9474-1A3956D46DE8}") = "Solution Items", "Solution Items", "{272622DD-2DAA-4C98-B5A3-D42CFAF8EE74}"
	ProjectSection(SolutionItems) = preProject
		global.json = global.json
	EndProjectSection
EndProject
Project("{8BB2217D-0F2D-49D1-97BC-3654ED321F3B}") = "Bzway.Common.Share", "Common\Common\Bzway.Common.Share.xproj", "{1F754992-13CB-40F8-89C1-F4F7B9D38166}"
EndProject
Project("{8BB2217D-0F2D-49D1-97BC-3654ED321F3B}") = "Bzway.Module.Core", "Modules\Bzway.Module.Core\Bzway.Module.Core.xproj", "{A537FF21-3384-4CF4-8621-E5E436F72226}"
EndProject
Project("{8BB2217D-0F2D-49D1-97BC-3654ED321F3B}") = "Bzway.Module.UserSite", "Modules\Bzway.Module.UserSite\Bzway.Module.UserSite.xproj", "{D4CFBC00-7C31-475E-852A-1F209BDDB2AC}"
EndProject
Project("{8BB2217D-0F2D-49D1-97BC-3654ED321F3B}") = "Bzway.Site.FrontPage", "Sites\Bzway.Site.FrontPage\Bzway.Site.FrontPage.xproj", "{66203CB5-FB2F-408F-9991-2C8D1363AD6E}"
EndProject
Project("{8BB2217D-0F2D-49D1-97BC-3654ED321F3B}") = "Bzway.Framework.Site", "Framework\Site\Bzway.Framework.Site.xproj", "{1B9518AF-AC05-4582-B736-7E9AE2CE7D97}"
EndProject
Project("{8BB2217D-0F2D-49D1-97BC-3654ED321F3B}") = "Bzway.Framework.User", "Framework\User\Bzway.Framework.User.xproj", "{341BBE6A-158F-4CF3-96F4-AD5E945F7EB0}"
EndProject
Project("{8BB2217D-0F2D-49D1-97BC-3654ED321F3B}") = "Bzway.Framework.Content", "Framework\Content\Bzway.Framework.Content.xproj", "{D257D947-F730-4F8E-AB29-54441941D73E}"
EndProject
Global
	GlobalSection(SolutionConfigurationPlatforms) = preSolution
		Debug|Any CPU = Debug|Any CPU
		Debug|Mixed Platforms = Debug|Mixed Platforms
		Debug|x64 = Debug|x64
		Debug|x86 = Debug|x86
		EmailValidator|Any CPU = EmailValidator|Any CPU
		EmailValidator|Mixed Platforms = EmailValidator|Mixed Platforms
		EmailValidator|x64 = EmailValidator|x64
		EmailValidator|x86 = EmailValidator|x86
		Publish|Any CPU = Publish|Any CPU
		Publish|Mixed Platforms = Publish|Mixed Platforms
		Publish|x64 = Publish|x64
		Publish|x86 = Publish|x86
		RedeemGiftTest|Any CPU = RedeemGiftTest|Any CPU
		RedeemGiftTest|Mixed Platforms = RedeemGiftTest|Mixed Platforms
		RedeemGiftTest|x64 = RedeemGiftTest|x64
		RedeemGiftTest|x86 = RedeemGiftTest|x86
		Release|Any CPU = Release|Any CPU
		Release|Mixed Platforms = Release|Mixed Platforms
		Release|x64 = Release|x64
		Release|x86 = Release|x86
		Test|Any CPU = Test|Any CPU
		Test|Mixed Platforms = Test|Mixed Platforms
		Test|x64 = Test|x64
		Test|x86 = Test|x86
	EndGlobalSection
	GlobalSection(ProjectConfigurationPlatforms) = postSolution
		{3531115B-1D09-44A5-B313-95617CE09279}.Debug|Any CPU.ActiveCfg = Debug|Any CPU
		{3531115B-1D09-44A5-B313-95617CE09279}.Debug|Any CPU.Build.0 = Debug|Any CPU
		{3531115B-1D09-44A5-B313-95617CE09279}.Debug|Mixed Platforms.ActiveCfg = Debug|Any CPU
		{3531115B-1D09-44A5-B313-95617CE09279}.Debug|Mixed Platforms.Build.0 = Debug|Any CPU
		{3531115B-1D09-44A5-B313-95617CE09279}.Debug|x64.ActiveCfg = Debug|Any CPU
		{3531115B-1D09-44A5-B313-95617CE09279}.Debug|x64.Build.0 = Debug|Any CPU
		{3531115B-1D09-44A5-B313-95617CE09279}.Debug|x86.ActiveCfg = Debug|Any CPU
		{3531115B-1D09-44A5-B313-95617CE09279}.Debug|x86.Build.0 = Debug|Any CPU
		{3531115B-1D09-44A5-B313-95617CE09279}.EmailValidator|Any CPU.ActiveCfg = Debug|Any CPU
		{3531115B-1D09-44A5-B313-95617CE09279}.EmailValidator|Any CPU.Build.0 = Debug|Any CPU
		{3531115B-1D09-44A5-B313-95617CE09279}.EmailValidator|Mixed Platforms.ActiveCfg = Debug|Any CPU
		{3531115B-1D09-44A5-B313-95617CE09279}.EmailValidator|Mixed Platforms.Build.0 = Debug|Any CPU
		{3531115B-1D09-44A5-B313-95617CE09279}.EmailValidator|x64.ActiveCfg = Debug|Any CPU
		{3531115B-1D09-44A5-B313-95617CE09279}.EmailValidator|x64.Build.0 = Debug|Any CPU
		{3531115B-1D09-44A5-B313-95617CE09279}.EmailValidator|x86.ActiveCfg = Debug|Any CPU
		{3531115B-1D09-44A5-B313-95617CE09279}.EmailValidator|x86.Build.0 = Debug|Any CPU
		{3531115B-1D09-44A5-B313-95617CE09279}.Publish|Any CPU.ActiveCfg = Debug|Any CPU
		{3531115B-1D09-44A5-B313-95617CE09279}.Publish|Any CPU.Build.0 = Debug|Any CPU
		{3531115B-1D09-44A5-B313-95617CE09279}.Publish|Mixed Platforms.ActiveCfg = Debug|Any CPU
		{3531115B-1D09-44A5-B313-95617CE09279}.Publish|Mixed Platforms.Build.0 = Debug|Any CPU
		{3531115B-1D09-44A5-B313-95617CE09279}.Publish|x64.ActiveCfg = Debug|Any CPU
		{3531115B-1D09-44A5-B313-95617CE09279}.Publish|x64.Build.0 = Debug|Any CPU
		{3531115B-1D09-44A5-B313-95617CE09279}.Publish|x86.ActiveCfg = Debug|Any CPU
		{3531115B-1D09-44A5-B313-95617CE09279}.Publish|x86.Build.0 = Debug|Any CPU
		{3531115B-1D09-44A5-B313-95617CE09279}.RedeemGiftTest|Any CPU.ActiveCfg = Release|Any CPU
		{3531115B-1D09-44A5-B313-95617CE09279}.RedeemGiftTest|Any CPU.Build.0 = Release|Any CPU
		{3531115B-1D09-44A5-B313-95617CE09279}.RedeemGiftTest|Mixed Platforms.ActiveCfg = Release|Any CPU
		{3531115B-1D09-44A5-B313-95617CE09279}.RedeemGiftTest|Mixed Platforms.Build.0 = Release|Any CPU
		{3531115B-1D09-44A5-B313-95617CE09279}.RedeemGiftTest|x64.ActiveCfg = Release|Any CPU
		{3531115B-1D09-44A5-B313-95617CE09279}.RedeemGiftTest|x64.Build.0 = Release|Any CPU
		{3531115B-1D09-44A5-B313-95617CE09279}.RedeemGiftTest|x86.ActiveCfg = Release|Any CPU
		{3531115B-1D09-44A5-B313-95617CE09279}.RedeemGiftTest|x86.Build.0 = Release|Any CPU
		{3531115B-1D09-44A5-B313-95617CE09279}.Release|Any CPU.ActiveCfg = Release|Any CPU
		{3531115B-1D09-44A5-B313-95617CE09279}.Release|Any CPU.Build.0 = Release|Any CPU
		{3531115B-1D09-44A5-B313-95617CE09279}.Release|Mixed Platforms.ActiveCfg = Release|Any CPU
		{3531115B-1D09-44A5-B313-95617CE09279}.Release|Mixed Platforms.Build.0 = Release|Any CPU
		{3531115B-1D09-44A5-B313-95617CE09279}.Release|x64.ActiveCfg = Release|Any CPU
		{3531115B-1D09-44A5-B313-95617CE09279}.Release|x64.Build.0 = Release|Any CPU
		{3531115B-1D09-44A5-B313-95617CE09279}.Release|x86.ActiveCfg = Release|Any CPU
		{3531115B-1D09-44A5-B313-95617CE09279}.Release|x86.Build.0 = Release|Any CPU
		{3531115B-1D09-44A5-B313-95617CE09279}.Test|Any CPU.ActiveCfg = Debug|Any CPU
		{3531115B-1D09-44A5-B313-95617CE09279}.Test|Any CPU.Build.0 = Debug|Any CPU
		{3531115B-1D09-44A5-B313-95617CE09279}.Test|Mixed Platforms.ActiveCfg = Debug|Any CPU
		{3531115B-1D09-44A5-B313-95617CE09279}.Test|Mixed Platforms.Build.0 = Debug|Any CPU
		{3531115B-1D09-44A5-B313-95617CE09279}.Test|x64.ActiveCfg = Debug|Any CPU
		{3531115B-1D09-44A5-B313-95617CE09279}.Test|x64.Build.0 = Debug|Any CPU
		{3531115B-1D09-44A5-B313-95617CE09279}.Test|x86.ActiveCfg = Debug|Any CPU
		{3531115B-1D09-44A5-B313-95617CE09279}.Test|x86.Build.0 = Debug|Any CPU
		{C4F05E7D-46F0-4B8F-A457-9D5BD98FB626}.Debug|Any CPU.ActiveCfg = Debug|Any CPU
		{C4F05E7D-46F0-4B8F-A457-9D5BD98FB626}.Debug|Any CPU.Build.0 = Debug|Any CPU
		{C4F05E7D-46F0-4B8F-A457-9D5BD98FB626}.Debug|Mixed Platforms.ActiveCfg = Debug|Any CPU
		{C4F05E7D-46F0-4B8F-A457-9D5BD98FB626}.Debug|Mixed Platforms.Build.0 = Debug|Any CPU
		{C4F05E7D-46F0-4B8F-A457-9D5BD98FB626}.Debug|x64.ActiveCfg = Debug|Any CPU
		{C4F05E7D-46F0-4B8F-A457-9D5BD98FB626}.Debug|x64.Build.0 = Debug|Any CPU
		{C4F05E7D-46F0-4B8F-A457-9D5BD98FB626}.Debug|x86.ActiveCfg = Debug|Any CPU
		{C4F05E7D-46F0-4B8F-A457-9D5BD98FB626}.Debug|x86.Build.0 = Debug|Any CPU
		{C4F05E7D-46F0-4B8F-A457-9D5BD98FB626}.EmailValidator|Any CPU.ActiveCfg = Debug|Any CPU
		{C4F05E7D-46F0-4B8F-A457-9D5BD98FB626}.EmailValidator|Any CPU.Build.0 = Debug|Any CPU
		{C4F05E7D-46F0-4B8F-A457-9D5BD98FB626}.EmailValidator|Mixed Platforms.ActiveCfg = Debug|Any CPU
		{C4F05E7D-46F0-4B8F-A457-9D5BD98FB626}.EmailValidator|Mixed Platforms.Build.0 = Debug|Any CPU
		{C4F05E7D-46F0-4B8F-A457-9D5BD98FB626}.EmailValidator|x64.ActiveCfg = Debug|Any CPU
		{C4F05E7D-46F0-4B8F-A457-9D5BD98FB626}.EmailValidator|x64.Build.0 = Debug|Any CPU
		{C4F05E7D-46F0-4B8F-A457-9D5BD98FB626}.EmailValidator|x86.ActiveCfg = Debug|Any CPU
		{C4F05E7D-46F0-4B8F-A457-9D5BD98FB626}.EmailValidator|x86.Build.0 = Debug|Any CPU
		{C4F05E7D-46F0-4B8F-A457-9D5BD98FB626}.Publish|Any CPU.ActiveCfg = Debug|Any CPU
		{C4F05E7D-46F0-4B8F-A457-9D5BD98FB626}.Publish|Any CPU.Build.0 = Debug|Any CPU
		{C4F05E7D-46F0-4B8F-A457-9D5BD98FB626}.Publish|Mixed Platforms.ActiveCfg = Debug|Any CPU
		{C4F05E7D-46F0-4B8F-A457-9D5BD98FB626}.Publish|Mixed Platforms.Build.0 = Debug|Any CPU
		{C4F05E7D-46F0-4B8F-A457-9D5BD98FB626}.Publish|x64.ActiveCfg = Debug|Any CPU
		{C4F05E7D-46F0-4B8F-A457-9D5BD98FB626}.Publish|x64.Build.0 = Debug|Any CPU
		{C4F05E7D-46F0-4B8F-A457-9D5BD98FB626}.Publish|x86.ActiveCfg = Debug|Any CPU
		{C4F05E7D-46F0-4B8F-A457-9D5BD98FB626}.Publish|x86.Build.0 = Debug|Any CPU
		{C4F05E7D-46F0-4B8F-A457-9D5BD98FB626}.RedeemGiftTest|Any CPU.ActiveCfg = Release|Any CPU
		{C4F05E7D-46F0-4B8F-A457-9D5BD98FB626}.RedeemGiftTest|Any CPU.Build.0 = Release|Any CPU
		{C4F05E7D-46F0-4B8F-A457-9D5BD98FB626}.RedeemGiftTest|Mixed Platforms.ActiveCfg = Release|Any CPU
		{C4F05E7D-46F0-4B8F-A457-9D5BD98FB626}.RedeemGiftTest|Mixed Platforms.Build.0 = Release|Any CPU
		{C4F05E7D-46F0-4B8F-A457-9D5BD98FB626}.RedeemGiftTest|x64.ActiveCfg = Release|Any CPU
		{C4F05E7D-46F0-4B8F-A457-9D5BD98FB626}.RedeemGiftTest|x64.Build.0 = Release|Any CPU
		{C4F05E7D-46F0-4B8F-A457-9D5BD98FB626}.RedeemGiftTest|x86.ActiveCfg = Release|Any CPU
		{C4F05E7D-46F0-4B8F-A457-9D5BD98FB626}.RedeemGiftTest|x86.Build.0 = Release|Any CPU
		{C4F05E7D-46F0-4B8F-A457-9D5BD98FB626}.Release|Any CPU.ActiveCfg = Release|Any CPU
		{C4F05E7D-46F0-4B8F-A457-9D5BD98FB626}.Release|Any CPU.Build.0 = Release|Any CPU
		{C4F05E7D-46F0-4B8F-A457-9D5BD98FB626}.Release|Mixed Platforms.ActiveCfg = Release|Any CPU
		{C4F05E7D-46F0-4B8F-A457-9D5BD98FB626}.Release|Mixed Platforms.Build.0 = Release|Any CPU
		{C4F05E7D-46F0-4B8F-A457-9D5BD98FB626}.Release|x64.ActiveCfg = Release|Any CPU
		{C4F05E7D-46F0-4B8F-A457-9D5BD98FB626}.Release|x64.Build.0 = Release|Any CPU
		{C4F05E7D-46F0-4B8F-A457-9D5BD98FB626}.Release|x86.ActiveCfg = Release|Any CPU
		{C4F05E7D-46F0-4B8F-A457-9D5BD98FB626}.Release|x86.Build.0 = Release|Any CPU
		{C4F05E7D-46F0-4B8F-A457-9D5BD98FB626}.Test|Any CPU.ActiveCfg = Debug|Any CPU
		{C4F05E7D-46F0-4B8F-A457-9D5BD98FB626}.Test|Any CPU.Build.0 = Debug|Any CPU
		{C4F05E7D-46F0-4B8F-A457-9D5BD98FB626}.Test|Mixed Platforms.ActiveCfg = Debug|Any CPU
		{C4F05E7D-46F0-4B8F-A457-9D5BD98FB626}.Test|Mixed Platforms.Build.0 = Debug|Any CPU
		{C4F05E7D-46F0-4B8F-A457-9D5BD98FB626}.Test|x64.ActiveCfg = Debug|Any CPU
		{C4F05E7D-46F0-4B8F-A457-9D5BD98FB626}.Test|x64.Build.0 = Debug|Any CPU
		{C4F05E7D-46F0-4B8F-A457-9D5BD98FB626}.Test|x86.ActiveCfg = Debug|Any CPU
		{C4F05E7D-46F0-4B8F-A457-9D5BD98FB626}.Test|x86.Build.0 = Debug|Any CPU
		{D3A10611-3E72-4FA9-ABD6-AA753346A807}.Debug|Any CPU.ActiveCfg = Debug|Any CPU
		{D3A10611-3E72-4FA9-ABD6-AA753346A807}.Debug|Any CPU.Build.0 = Debug|Any CPU
		{D3A10611-3E72-4FA9-ABD6-AA753346A807}.Debug|Mixed Platforms.ActiveCfg = Debug|Any CPU
		{D3A10611-3E72-4FA9-ABD6-AA753346A807}.Debug|Mixed Platforms.Build.0 = Debug|Any CPU
		{D3A10611-3E72-4FA9-ABD6-AA753346A807}.Debug|x64.ActiveCfg = Debug|Any CPU
		{D3A10611-3E72-4FA9-ABD6-AA753346A807}.Debug|x64.Build.0 = Debug|Any CPU
		{D3A10611-3E72-4FA9-ABD6-AA753346A807}.Debug|x86.ActiveCfg = Debug|Any CPU
		{D3A10611-3E72-4FA9-ABD6-AA753346A807}.Debug|x86.Build.0 = Debug|Any CPU
		{D3A10611-3E72-4FA9-ABD6-AA753346A807}.EmailValidator|Any CPU.ActiveCfg = Debug|Any CPU
		{D3A10611-3E72-4FA9-ABD6-AA753346A807}.EmailValidator|Any CPU.Build.0 = Debug|Any CPU
		{D3A10611-3E72-4FA9-ABD6-AA753346A807}.EmailValidator|Mixed Platforms.ActiveCfg = Debug|Any CPU
		{D3A10611-3E72-4FA9-ABD6-AA753346A807}.EmailValidator|Mixed Platforms.Build.0 = Debug|Any CPU
		{D3A10611-3E72-4FA9-ABD6-AA753346A807}.EmailValidator|x64.ActiveCfg = Debug|Any CPU
		{D3A10611-3E72-4FA9-ABD6-AA753346A807}.EmailValidator|x64.Build.0 = Debug|Any CPU
		{D3A10611-3E72-4FA9-ABD6-AA753346A807}.EmailValidator|x86.ActiveCfg = Debug|Any CPU
		{D3A10611-3E72-4FA9-ABD6-AA753346A807}.EmailValidator|x86.Build.0 = Debug|Any CPU
		{D3A10611-3E72-4FA9-ABD6-AA753346A807}.Publish|Any CPU.ActiveCfg = Debug|Any CPU
		{D3A10611-3E72-4FA9-ABD6-AA753346A807}.Publish|Any CPU.Build.0 = Debug|Any CPU
		{D3A10611-3E72-4FA9-ABD6-AA753346A807}.Publish|Mixed Platforms.ActiveCfg = Debug|Any CPU
		{D3A10611-3E72-4FA9-ABD6-AA753346A807}.Publish|Mixed Platforms.Build.0 = Debug|Any CPU
		{D3A10611-3E72-4FA9-ABD6-AA753346A807}.Publish|x64.ActiveCfg = Debug|Any CPU
		{D3A10611-3E72-4FA9-ABD6-AA753346A807}.Publish|x64.Build.0 = Debug|Any CPU
		{D3A10611-3E72-4FA9-ABD6-AA753346A807}.Publish|x86.ActiveCfg = Debug|Any CPU
		{D3A10611-3E72-4FA9-ABD6-AA753346A807}.Publish|x86.Build.0 = Debug|Any CPU
		{D3A10611-3E72-4FA9-ABD6-AA753346A807}.RedeemGiftTest|Any CPU.ActiveCfg = Release|Any CPU
		{D3A10611-3E72-4FA9-ABD6-AA753346A807}.RedeemGiftTest|Any CPU.Build.0 = Release|Any CPU
		{D3A10611-3E72-4FA9-ABD6-AA753346A807}.RedeemGiftTest|Mixed Platforms.ActiveCfg = Release|Any CPU
		{D3A10611-3E72-4FA9-ABD6-AA753346A807}.RedeemGiftTest|Mixed Platforms.Build.0 = Release|Any CPU
		{D3A10611-3E72-4FA9-ABD6-AA753346A807}.RedeemGiftTest|x64.ActiveCfg = Release|Any CPU
		{D3A10611-3E72-4FA9-ABD6-AA753346A807}.RedeemGiftTest|x64.Build.0 = Release|Any CPU
		{D3A10611-3E72-4FA9-ABD6-AA753346A807}.RedeemGiftTest|x86.ActiveCfg = Release|Any CPU
		{D3A10611-3E72-4FA9-ABD6-AA753346A807}.RedeemGiftTest|x86.Build.0 = Release|Any CPU
		{D3A10611-3E72-4FA9-ABD6-AA753346A807}.Release|Any CPU.ActiveCfg = Release|Any CPU
		{D3A10611-3E72-4FA9-ABD6-AA753346A807}.Release|Any CPU.Build.0 = Release|Any CPU
		{D3A10611-3E72-4FA9-ABD6-AA753346A807}.Release|Mixed Platforms.ActiveCfg = Release|Any CPU
		{D3A10611-3E72-4FA9-ABD6-AA753346A807}.Release|Mixed Platforms.Build.0 = Release|Any CPU
		{D3A10611-3E72-4FA9-ABD6-AA753346A807}.Release|x64.ActiveCfg = Release|Any CPU
		{D3A10611-3E72-4FA9-ABD6-AA753346A807}.Release|x64.Build.0 = Release|Any CPU
		{D3A10611-3E72-4FA9-ABD6-AA753346A807}.Release|x86.ActiveCfg = Release|Any CPU
		{D3A10611-3E72-4FA9-ABD6-AA753346A807}.Release|x86.Build.0 = Release|Any CPU
		{D3A10611-3E72-4FA9-ABD6-AA753346A807}.Test|Any CPU.ActiveCfg = Debug|Any CPU
		{D3A10611-3E72-4FA9-ABD6-AA753346A807}.Test|Any CPU.Build.0 = Debug|Any CPU
		{D3A10611-3E72-4FA9-ABD6-AA753346A807}.Test|Mixed Platforms.ActiveCfg = Debug|Any CPU
		{D3A10611-3E72-4FA9-ABD6-AA753346A807}.Test|Mixed Platforms.Build.0 = Debug|Any CPU
		{D3A10611-3E72-4FA9-ABD6-AA753346A807}.Test|x64.ActiveCfg = Debug|Any CPU
		{D3A10611-3E72-4FA9-ABD6-AA753346A807}.Test|x64.Build.0 = Debug|Any CPU
		{D3A10611-3E72-4FA9-ABD6-AA753346A807}.Test|x86.ActiveCfg = Debug|Any CPU
		{D3A10611-3E72-4FA9-ABD6-AA753346A807}.Test|x86.Build.0 = Debug|Any CPU
		{DAA35876-4F16-4A6B-B91C-0FE8686CBA57}.Debug|Any CPU.ActiveCfg = Debug|Any CPU
		{DAA35876-4F16-4A6B-B91C-0FE8686CBA57}.Debug|Any CPU.Build.0 = Debug|Any CPU
		{DAA35876-4F16-4A6B-B91C-0FE8686CBA57}.Debug|Mixed Platforms.ActiveCfg = Debug|Any CPU
		{DAA35876-4F16-4A6B-B91C-0FE8686CBA57}.Debug|Mixed Platforms.Build.0 = Debug|Any CPU
		{DAA35876-4F16-4A6B-B91C-0FE8686CBA57}.Debug|x64.ActiveCfg = Debug|Any CPU
		{DAA35876-4F16-4A6B-B91C-0FE8686CBA57}.Debug|x64.Build.0 = Debug|Any CPU
		{DAA35876-4F16-4A6B-B91C-0FE8686CBA57}.Debug|x86.ActiveCfg = Debug|Any CPU
		{DAA35876-4F16-4A6B-B91C-0FE8686CBA57}.Debug|x86.Build.0 = Debug|Any CPU
		{DAA35876-4F16-4A6B-B91C-0FE8686CBA57}.EmailValidator|Any CPU.ActiveCfg = Debug|Any CPU
		{DAA35876-4F16-4A6B-B91C-0FE8686CBA57}.EmailValidator|Any CPU.Build.0 = Debug|Any CPU
		{DAA35876-4F16-4A6B-B91C-0FE8686CBA57}.EmailValidator|Mixed Platforms.ActiveCfg = Debug|Any CPU
		{DAA35876-4F16-4A6B-B91C-0FE8686CBA57}.EmailValidator|Mixed Platforms.Build.0 = Debug|Any CPU
		{DAA35876-4F16-4A6B-B91C-0FE8686CBA57}.EmailValidator|x64.ActiveCfg = Debug|Any CPU
		{DAA35876-4F16-4A6B-B91C-0FE8686CBA57}.EmailValidator|x64.Build.0 = Debug|Any CPU
		{DAA35876-4F16-4A6B-B91C-0FE8686CBA57}.EmailValidator|x86.ActiveCfg = Debug|Any CPU
		{DAA35876-4F16-4A6B-B91C-0FE8686CBA57}.EmailValidator|x86.Build.0 = Debug|Any CPU
		{DAA35876-4F16-4A6B-B91C-0FE8686CBA57}.Publish|Any CPU.ActiveCfg = Debug|Any CPU
		{DAA35876-4F16-4A6B-B91C-0FE8686CBA57}.Publish|Any CPU.Build.0 = Debug|Any CPU
		{DAA35876-4F16-4A6B-B91C-0FE8686CBA57}.Publish|Mixed Platforms.ActiveCfg = Debug|Any CPU
		{DAA35876-4F16-4A6B-B91C-0FE8686CBA57}.Publish|Mixed Platforms.Build.0 = Debug|Any CPU
		{DAA35876-4F16-4A6B-B91C-0FE8686CBA57}.Publish|x64.ActiveCfg = Debug|Any CPU
		{DAA35876-4F16-4A6B-B91C-0FE8686CBA57}.Publish|x64.Build.0 = Debug|Any CPU
		{DAA35876-4F16-4A6B-B91C-0FE8686CBA57}.Publish|x86.ActiveCfg = Debug|Any CPU
		{DAA35876-4F16-4A6B-B91C-0FE8686CBA57}.Publish|x86.Build.0 = Debug|Any CPU
		{DAA35876-4F16-4A6B-B91C-0FE8686CBA57}.RedeemGiftTest|Any CPU.ActiveCfg = Release|Any CPU
		{DAA35876-4F16-4A6B-B91C-0FE8686CBA57}.RedeemGiftTest|Any CPU.Build.0 = Release|Any CPU
		{DAA35876-4F16-4A6B-B91C-0FE8686CBA57}.RedeemGiftTest|Mixed Platforms.ActiveCfg = Release|Any CPU
		{DAA35876-4F16-4A6B-B91C-0FE8686CBA57}.RedeemGiftTest|Mixed Platforms.Build.0 = Release|Any CPU
		{DAA35876-4F16-4A6B-B91C-0FE8686CBA57}.RedeemGiftTest|x64.ActiveCfg = Release|Any CPU
		{DAA35876-4F16-4A6B-B91C-0FE8686CBA57}.RedeemGiftTest|x64.Build.0 = Release|Any CPU
		{DAA35876-4F16-4A6B-B91C-0FE8686CBA57}.RedeemGiftTest|x86.ActiveCfg = Release|Any CPU
		{DAA35876-4F16-4A6B-B91C-0FE8686CBA57}.RedeemGiftTest|x86.Build.0 = Release|Any CPU
		{DAA35876-4F16-4A6B-B91C-0FE8686CBA57}.Release|Any CPU.ActiveCfg = Release|Any CPU
		{DAA35876-4F16-4A6B-B91C-0FE8686CBA57}.Release|Any CPU.Build.0 = Release|Any CPU
		{DAA35876-4F16-4A6B-B91C-0FE8686CBA57}.Release|Mixed Platforms.ActiveCfg = Release|Any CPU
		{DAA35876-4F16-4A6B-B91C-0FE8686CBA57}.Release|Mixed Platforms.Build.0 = Release|Any CPU
		{DAA35876-4F16-4A6B-B91C-0FE8686CBA57}.Release|x64.ActiveCfg = Release|Any CPU
		{DAA35876-4F16-4A6B-B91C-0FE8686CBA57}.Release|x64.Build.0 = Release|Any CPU
		{DAA35876-4F16-4A6B-B91C-0FE8686CBA57}.Release|x86.ActiveCfg = Release|Any CPU
		{DAA35876-4F16-4A6B-B91C-0FE8686CBA57}.Release|x86.Build.0 = Release|Any CPU
		{DAA35876-4F16-4A6B-B91C-0FE8686CBA57}.Test|Any CPU.ActiveCfg = Debug|Any CPU
		{DAA35876-4F16-4A6B-B91C-0FE8686CBA57}.Test|Any CPU.Build.0 = Debug|Any CPU
		{DAA35876-4F16-4A6B-B91C-0FE8686CBA57}.Test|Mixed Platforms.ActiveCfg = Debug|Any CPU
		{DAA35876-4F16-4A6B-B91C-0FE8686CBA57}.Test|Mixed Platforms.Build.0 = Debug|Any CPU
		{DAA35876-4F16-4A6B-B91C-0FE8686CBA57}.Test|x64.ActiveCfg = Debug|Any CPU
		{DAA35876-4F16-4A6B-B91C-0FE8686CBA57}.Test|x64.Build.0 = Debug|Any CPU
		{DAA35876-4F16-4A6B-B91C-0FE8686CBA57}.Test|x86.ActiveCfg = Debug|Any CPU
		{DAA35876-4F16-4A6B-B91C-0FE8686CBA57}.Test|x86.Build.0 = Debug|Any CPU
		{5EF66676-34BC-46BD-808F-D136E4128BF9}.Debug|Any CPU.ActiveCfg = Debug|Any CPU
		{5EF66676-34BC-46BD-808F-D136E4128BF9}.Debug|Any CPU.Build.0 = Debug|Any CPU
		{5EF66676-34BC-46BD-808F-D136E4128BF9}.Debug|Mixed Platforms.ActiveCfg = Debug|Any CPU
		{5EF66676-34BC-46BD-808F-D136E4128BF9}.Debug|Mixed Platforms.Build.0 = Debug|Any CPU
		{5EF66676-34BC-46BD-808F-D136E4128BF9}.Debug|x64.ActiveCfg = Debug|Any CPU
		{5EF66676-34BC-46BD-808F-D136E4128BF9}.Debug|x64.Build.0 = Debug|Any CPU
		{5EF66676-34BC-46BD-808F-D136E4128BF9}.Debug|x86.ActiveCfg = Debug|Any CPU
		{5EF66676-34BC-46BD-808F-D136E4128BF9}.Debug|x86.Build.0 = Debug|Any CPU
		{5EF66676-34BC-46BD-808F-D136E4128BF9}.EmailValidator|Any CPU.ActiveCfg = Debug|Any CPU
		{5EF66676-34BC-46BD-808F-D136E4128BF9}.EmailValidator|Any CPU.Build.0 = Debug|Any CPU
		{5EF66676-34BC-46BD-808F-D136E4128BF9}.EmailValidator|Mixed Platforms.ActiveCfg = Debug|Any CPU
		{5EF66676-34BC-46BD-808F-D136E4128BF9}.EmailValidator|Mixed Platforms.Build.0 = Debug|Any CPU
		{5EF66676-34BC-46BD-808F-D136E4128BF9}.EmailValidator|x64.ActiveCfg = Debug|Any CPU
		{5EF66676-34BC-46BD-808F-D136E4128BF9}.EmailValidator|x64.Build.0 = Debug|Any CPU
		{5EF66676-34BC-46BD-808F-D136E4128BF9}.EmailValidator|x86.ActiveCfg = Debug|Any CPU
		{5EF66676-34BC-46BD-808F-D136E4128BF9}.EmailValidator|x86.Build.0 = Debug|Any CPU
		{5EF66676-34BC-46BD-808F-D136E4128BF9}.Publish|Any CPU.ActiveCfg = Debug|Any CPU
		{5EF66676-34BC-46BD-808F-D136E4128BF9}.Publish|Any CPU.Build.0 = Debug|Any CPU
		{5EF66676-34BC-46BD-808F-D136E4128BF9}.Publish|Mixed Platforms.ActiveCfg = Debug|Any CPU
		{5EF66676-34BC-46BD-808F-D136E4128BF9}.Publish|Mixed Platforms.Build.0 = Debug|Any CPU
		{5EF66676-34BC-46BD-808F-D136E4128BF9}.Publish|x64.ActiveCfg = Debug|Any CPU
		{5EF66676-34BC-46BD-808F-D136E4128BF9}.Publish|x64.Build.0 = Debug|Any CPU
		{5EF66676-34BC-46BD-808F-D136E4128BF9}.Publish|x86.ActiveCfg = Debug|Any CPU
		{5EF66676-34BC-46BD-808F-D136E4128BF9}.Publish|x86.Build.0 = Debug|Any CPU
		{5EF66676-34BC-46BD-808F-D136E4128BF9}.RedeemGiftTest|Any CPU.ActiveCfg = Release|Any CPU
		{5EF66676-34BC-46BD-808F-D136E4128BF9}.RedeemGiftTest|Any CPU.Build.0 = Release|Any CPU
		{5EF66676-34BC-46BD-808F-D136E4128BF9}.RedeemGiftTest|Mixed Platforms.ActiveCfg = Release|Any CPU
		{5EF66676-34BC-46BD-808F-D136E4128BF9}.RedeemGiftTest|Mixed Platforms.Build.0 = Release|Any CPU
		{5EF66676-34BC-46BD-808F-D136E4128BF9}.RedeemGiftTest|x64.ActiveCfg = Release|Any CPU
		{5EF66676-34BC-46BD-808F-D136E4128BF9}.RedeemGiftTest|x64.Build.0 = Release|Any CPU
		{5EF66676-34BC-46BD-808F-D136E4128BF9}.RedeemGiftTest|x86.ActiveCfg = Release|Any CPU
		{5EF66676-34BC-46BD-808F-D136E4128BF9}.RedeemGiftTest|x86.Build.0 = Release|Any CPU
		{5EF66676-34BC-46BD-808F-D136E4128BF9}.Release|Any CPU.ActiveCfg = Release|Any CPU
		{5EF66676-34BC-46BD-808F-D136E4128BF9}.Release|Any CPU.Build.0 = Release|Any CPU
		{5EF66676-34BC-46BD-808F-D136E4128BF9}.Release|Mixed Platforms.ActiveCfg = Release|Any CPU
		{5EF66676-34BC-46BD-808F-D136E4128BF9}.Release|Mixed Platforms.Build.0 = Release|Any CPU
		{5EF66676-34BC-46BD-808F-D136E4128BF9}.Release|x64.ActiveCfg = Release|Any CPU
		{5EF66676-34BC-46BD-808F-D136E4128BF9}.Release|x64.Build.0 = Release|Any CPU
		{5EF66676-34BC-46BD-808F-D136E4128BF9}.Release|x86.ActiveCfg = Release|Any CPU
		{5EF66676-34BC-46BD-808F-D136E4128BF9}.Release|x86.Build.0 = Release|Any CPU
		{5EF66676-34BC-46BD-808F-D136E4128BF9}.Test|Any CPU.ActiveCfg = Debug|Any CPU
		{5EF66676-34BC-46BD-808F-D136E4128BF9}.Test|Any CPU.Build.0 = Debug|Any CPU
		{5EF66676-34BC-46BD-808F-D136E4128BF9}.Test|Mixed Platforms.ActiveCfg = Debug|Any CPU
		{5EF66676-34BC-46BD-808F-D136E4128BF9}.Test|Mixed Platforms.Build.0 = Debug|Any CPU
		{5EF66676-34BC-46BD-808F-D136E4128BF9}.Test|x64.ActiveCfg = Debug|Any CPU
		{5EF66676-34BC-46BD-808F-D136E4128BF9}.Test|x64.Build.0 = Debug|Any CPU
		{5EF66676-34BC-46BD-808F-D136E4128BF9}.Test|x86.ActiveCfg = Debug|Any CPU
		{5EF66676-34BC-46BD-808F-D136E4128BF9}.Test|x86.Build.0 = Debug|Any CPU
		{C583980D-97DD-4DF9-97DF-50613284252E}.Debug|Any CPU.ActiveCfg = Debug|Any CPU
		{C583980D-97DD-4DF9-97DF-50613284252E}.Debug|Any CPU.Build.0 = Debug|Any CPU
		{C583980D-97DD-4DF9-97DF-50613284252E}.Debug|Mixed Platforms.ActiveCfg = Debug|Any CPU
		{C583980D-97DD-4DF9-97DF-50613284252E}.Debug|Mixed Platforms.Build.0 = Debug|Any CPU
		{C583980D-97DD-4DF9-97DF-50613284252E}.Debug|x64.ActiveCfg = Debug|Any CPU
		{C583980D-97DD-4DF9-97DF-50613284252E}.Debug|x64.Build.0 = Debug|Any CPU
		{C583980D-97DD-4DF9-97DF-50613284252E}.Debug|x86.ActiveCfg = Debug|Any CPU
		{C583980D-97DD-4DF9-97DF-50613284252E}.Debug|x86.Build.0 = Debug|Any CPU
		{C583980D-97DD-4DF9-97DF-50613284252E}.EmailValidator|Any CPU.ActiveCfg = Debug|Any CPU
		{C583980D-97DD-4DF9-97DF-50613284252E}.EmailValidator|Any CPU.Build.0 = Debug|Any CPU
		{C583980D-97DD-4DF9-97DF-50613284252E}.EmailValidator|Mixed Platforms.ActiveCfg = Debug|Any CPU
		{C583980D-97DD-4DF9-97DF-50613284252E}.EmailValidator|Mixed Platforms.Build.0 = Debug|Any CPU
		{C583980D-97DD-4DF9-97DF-50613284252E}.EmailValidator|x64.ActiveCfg = Debug|Any CPU
		{C583980D-97DD-4DF9-97DF-50613284252E}.EmailValidator|x64.Build.0 = Debug|Any CPU
		{C583980D-97DD-4DF9-97DF-50613284252E}.EmailValidator|x86.ActiveCfg = Debug|Any CPU
		{C583980D-97DD-4DF9-97DF-50613284252E}.EmailValidator|x86.Build.0 = Debug|Any CPU
		{C583980D-97DD-4DF9-97DF-50613284252E}.Publish|Any CPU.ActiveCfg = Debug|Any CPU
		{C583980D-97DD-4DF9-97DF-50613284252E}.Publish|Any CPU.Build.0 = Debug|Any CPU
		{C583980D-97DD-4DF9-97DF-50613284252E}.Publish|Mixed Platforms.ActiveCfg = Debug|Any CPU
		{C583980D-97DD-4DF9-97DF-50613284252E}.Publish|Mixed Platforms.Build.0 = Debug|Any CPU
		{C583980D-97DD-4DF9-97DF-50613284252E}.Publish|x64.ActiveCfg = Debug|Any CPU
		{C583980D-97DD-4DF9-97DF-50613284252E}.Publish|x64.Build.0 = Debug|Any CPU
		{C583980D-97DD-4DF9-97DF-50613284252E}.Publish|x86.ActiveCfg = Debug|Any CPU
		{C583980D-97DD-4DF9-97DF-50613284252E}.Publish|x86.Build.0 = Debug|Any CPU
		{C583980D-97DD-4DF9-97DF-50613284252E}.RedeemGiftTest|Any CPU.ActiveCfg = Release|Any CPU
		{C583980D-97DD-4DF9-97DF-50613284252E}.RedeemGiftTest|Any CPU.Build.0 = Release|Any CPU
		{C583980D-97DD-4DF9-97DF-50613284252E}.RedeemGiftTest|Mixed Platforms.ActiveCfg = Release|Any CPU
		{C583980D-97DD-4DF9-97DF-50613284252E}.RedeemGiftTest|Mixed Platforms.Build.0 = Release|Any CPU
		{C583980D-97DD-4DF9-97DF-50613284252E}.RedeemGiftTest|x64.ActiveCfg = Release|Any CPU
		{C583980D-97DD-4DF9-97DF-50613284252E}.RedeemGiftTest|x64.Build.0 = Release|Any CPU
		{C583980D-97DD-4DF9-97DF-50613284252E}.RedeemGiftTest|x86.ActiveCfg = Release|Any CPU
		{C583980D-97DD-4DF9-97DF-50613284252E}.RedeemGiftTest|x86.Build.0 = Release|Any CPU
		{C583980D-97DD-4DF9-97DF-50613284252E}.Release|Any CPU.ActiveCfg = Release|Any CPU
		{C583980D-97DD-4DF9-97DF-50613284252E}.Release|Any CPU.Build.0 = Release|Any CPU
		{C583980D-97DD-4DF9-97DF-50613284252E}.Release|Mixed Platforms.ActiveCfg = Release|Any CPU
		{C583980D-97DD-4DF9-97DF-50613284252E}.Release|Mixed Platforms.Build.0 = Release|Any CPU
		{C583980D-97DD-4DF9-97DF-50613284252E}.Release|x64.ActiveCfg = Release|Any CPU
		{C583980D-97DD-4DF9-97DF-50613284252E}.Release|x64.Build.0 = Release|Any CPU
		{C583980D-97DD-4DF9-97DF-50613284252E}.Release|x86.ActiveCfg = Release|Any CPU
		{C583980D-97DD-4DF9-97DF-50613284252E}.Release|x86.Build.0 = Release|Any CPU
		{C583980D-97DD-4DF9-97DF-50613284252E}.Test|Any CPU.ActiveCfg = Debug|Any CPU
		{C583980D-97DD-4DF9-97DF-50613284252E}.Test|Any CPU.Build.0 = Debug|Any CPU
		{C583980D-97DD-4DF9-97DF-50613284252E}.Test|Mixed Platforms.ActiveCfg = Debug|Any CPU
		{C583980D-97DD-4DF9-97DF-50613284252E}.Test|Mixed Platforms.Build.0 = Debug|Any CPU
		{C583980D-97DD-4DF9-97DF-50613284252E}.Test|x64.ActiveCfg = Debug|Any CPU
		{C583980D-97DD-4DF9-97DF-50613284252E}.Test|x64.Build.0 = Debug|Any CPU
		{C583980D-97DD-4DF9-97DF-50613284252E}.Test|x86.ActiveCfg = Debug|Any CPU
		{C583980D-97DD-4DF9-97DF-50613284252E}.Test|x86.Build.0 = Debug|Any CPU
		{2190ABE9-2DB7-4CC0-B82B-17AD19B1557E}.Debug|Any CPU.ActiveCfg = Debug|Any CPU
		{2190ABE9-2DB7-4CC0-B82B-17AD19B1557E}.Debug|Any CPU.Build.0 = Debug|Any CPU
		{2190ABE9-2DB7-4CC0-B82B-17AD19B1557E}.Debug|Mixed Platforms.ActiveCfg = Debug|Any CPU
		{2190ABE9-2DB7-4CC0-B82B-17AD19B1557E}.Debug|Mixed Platforms.Build.0 = Debug|Any CPU
		{2190ABE9-2DB7-4CC0-B82B-17AD19B1557E}.Debug|x64.ActiveCfg = Debug|Any CPU
		{2190ABE9-2DB7-4CC0-B82B-17AD19B1557E}.Debug|x64.Build.0 = Debug|Any CPU
		{2190ABE9-2DB7-4CC0-B82B-17AD19B1557E}.Debug|x86.ActiveCfg = Debug|Any CPU
		{2190ABE9-2DB7-4CC0-B82B-17AD19B1557E}.Debug|x86.Build.0 = Debug|Any CPU
		{2190ABE9-2DB7-4CC0-B82B-17AD19B1557E}.EmailValidator|Any CPU.ActiveCfg = Debug|Any CPU
		{2190ABE9-2DB7-4CC0-B82B-17AD19B1557E}.EmailValidator|Any CPU.Build.0 = Debug|Any CPU
		{2190ABE9-2DB7-4CC0-B82B-17AD19B1557E}.EmailValidator|Mixed Platforms.ActiveCfg = Debug|Any CPU
		{2190ABE9-2DB7-4CC0-B82B-17AD19B1557E}.EmailValidator|Mixed Platforms.Build.0 = Debug|Any CPU
		{2190ABE9-2DB7-4CC0-B82B-17AD19B1557E}.EmailValidator|x64.ActiveCfg = Debug|Any CPU
		{2190ABE9-2DB7-4CC0-B82B-17AD19B1557E}.EmailValidator|x64.Build.0 = Debug|Any CPU
		{2190ABE9-2DB7-4CC0-B82B-17AD19B1557E}.EmailValidator|x86.ActiveCfg = Debug|Any CPU
		{2190ABE9-2DB7-4CC0-B82B-17AD19B1557E}.EmailValidator|x86.Build.0 = Debug|Any CPU
		{2190ABE9-2DB7-4CC0-B82B-17AD19B1557E}.Publish|Any CPU.ActiveCfg = Debug|Any CPU
		{2190ABE9-2DB7-4CC0-B82B-17AD19B1557E}.Publish|Any CPU.Build.0 = Debug|Any CPU
		{2190ABE9-2DB7-4CC0-B82B-17AD19B1557E}.Publish|Mixed Platforms.ActiveCfg = Debug|Any CPU
		{2190ABE9-2DB7-4CC0-B82B-17AD19B1557E}.Publish|Mixed Platforms.Build.0 = Debug|Any CPU
		{2190ABE9-2DB7-4CC0-B82B-17AD19B1557E}.Publish|x64.ActiveCfg = Debug|Any CPU
		{2190ABE9-2DB7-4CC0-B82B-17AD19B1557E}.Publish|x64.Build.0 = Debug|Any CPU
		{2190ABE9-2DB7-4CC0-B82B-17AD19B1557E}.Publish|x86.ActiveCfg = Debug|Any CPU
		{2190ABE9-2DB7-4CC0-B82B-17AD19B1557E}.Publish|x86.Build.0 = Debug|Any CPU
		{2190ABE9-2DB7-4CC0-B82B-17AD19B1557E}.RedeemGiftTest|Any CPU.ActiveCfg = Release|Any CPU
		{2190ABE9-2DB7-4CC0-B82B-17AD19B1557E}.RedeemGiftTest|Any CPU.Build.0 = Release|Any CPU
		{2190ABE9-2DB7-4CC0-B82B-17AD19B1557E}.RedeemGiftTest|Mixed Platforms.ActiveCfg = Release|Any CPU
		{2190ABE9-2DB7-4CC0-B82B-17AD19B1557E}.RedeemGiftTest|Mixed Platforms.Build.0 = Release|Any CPU
		{2190ABE9-2DB7-4CC0-B82B-17AD19B1557E}.RedeemGiftTest|x64.ActiveCfg = Release|Any CPU
		{2190ABE9-2DB7-4CC0-B82B-17AD19B1557E}.RedeemGiftTest|x64.Build.0 = Release|Any CPU
		{2190ABE9-2DB7-4CC0-B82B-17AD19B1557E}.RedeemGiftTest|x86.ActiveCfg = Release|Any CPU
		{2190ABE9-2DB7-4CC0-B82B-17AD19B1557E}.RedeemGiftTest|x86.Build.0 = Release|Any CPU
		{2190ABE9-2DB7-4CC0-B82B-17AD19B1557E}.Release|Any CPU.ActiveCfg = Release|Any CPU
		{2190ABE9-2DB7-4CC0-B82B-17AD19B1557E}.Release|Any CPU.Build.0 = Release|Any CPU
		{2190ABE9-2DB7-4CC0-B82B-17AD19B1557E}.Release|Mixed Platforms.ActiveCfg = Release|Any CPU
		{2190ABE9-2DB7-4CC0-B82B-17AD19B1557E}.Release|Mixed Platforms.Build.0 = Release|Any CPU
		{2190ABE9-2DB7-4CC0-B82B-17AD19B1557E}.Release|x64.ActiveCfg = Release|Any CPU
		{2190ABE9-2DB7-4CC0-B82B-17AD19B1557E}.Release|x64.Build.0 = Release|Any CPU
		{2190ABE9-2DB7-4CC0-B82B-17AD19B1557E}.Release|x86.ActiveCfg = Release|Any CPU
		{2190ABE9-2DB7-4CC0-B82B-17AD19B1557E}.Release|x86.Build.0 = Release|Any CPU
		{2190ABE9-2DB7-4CC0-B82B-17AD19B1557E}.Test|Any CPU.ActiveCfg = Debug|Any CPU
		{2190ABE9-2DB7-4CC0-B82B-17AD19B1557E}.Test|Any CPU.Build.0 = Debug|Any CPU
		{2190ABE9-2DB7-4CC0-B82B-17AD19B1557E}.Test|Mixed Platforms.ActiveCfg = Debug|Any CPU
		{2190ABE9-2DB7-4CC0-B82B-17AD19B1557E}.Test|Mixed Platforms.Build.0 = Debug|Any CPU
		{2190ABE9-2DB7-4CC0-B82B-17AD19B1557E}.Test|x64.ActiveCfg = Debug|Any CPU
		{2190ABE9-2DB7-4CC0-B82B-17AD19B1557E}.Test|x64.Build.0 = Debug|Any CPU
		{2190ABE9-2DB7-4CC0-B82B-17AD19B1557E}.Test|x86.ActiveCfg = Debug|Any CPU
		{2190ABE9-2DB7-4CC0-B82B-17AD19B1557E}.Test|x86.Build.0 = Debug|Any CPU
		{BB8B04E8-6790-4FA7-95E7-97E50765E64C}.Debug|Any CPU.ActiveCfg = Debug|Any CPU
		{BB8B04E8-6790-4FA7-95E7-97E50765E64C}.Debug|Any CPU.Build.0 = Debug|Any CPU
		{BB8B04E8-6790-4FA7-95E7-97E50765E64C}.Debug|Mixed Platforms.ActiveCfg = Debug|Any CPU
		{BB8B04E8-6790-4FA7-95E7-97E50765E64C}.Debug|Mixed Platforms.Build.0 = Debug|Any CPU
		{BB8B04E8-6790-4FA7-95E7-97E50765E64C}.Debug|x64.ActiveCfg = Debug|Any CPU
		{BB8B04E8-6790-4FA7-95E7-97E50765E64C}.Debug|x64.Build.0 = Debug|Any CPU
		{BB8B04E8-6790-4FA7-95E7-97E50765E64C}.Debug|x86.ActiveCfg = Debug|Any CPU
		{BB8B04E8-6790-4FA7-95E7-97E50765E64C}.Debug|x86.Build.0 = Debug|Any CPU
		{BB8B04E8-6790-4FA7-95E7-97E50765E64C}.EmailValidator|Any CPU.ActiveCfg = Debug|Any CPU
		{BB8B04E8-6790-4FA7-95E7-97E50765E64C}.EmailValidator|Any CPU.Build.0 = Debug|Any CPU
		{BB8B04E8-6790-4FA7-95E7-97E50765E64C}.EmailValidator|Mixed Platforms.ActiveCfg = Debug|Any CPU
		{BB8B04E8-6790-4FA7-95E7-97E50765E64C}.EmailValidator|Mixed Platforms.Build.0 = Debug|Any CPU
		{BB8B04E8-6790-4FA7-95E7-97E50765E64C}.EmailValidator|x64.ActiveCfg = Debug|Any CPU
		{BB8B04E8-6790-4FA7-95E7-97E50765E64C}.EmailValidator|x64.Build.0 = Debug|Any CPU
		{BB8B04E8-6790-4FA7-95E7-97E50765E64C}.EmailValidator|x86.ActiveCfg = Debug|Any CPU
		{BB8B04E8-6790-4FA7-95E7-97E50765E64C}.EmailValidator|x86.Build.0 = Debug|Any CPU
		{BB8B04E8-6790-4FA7-95E7-97E50765E64C}.Publish|Any CPU.ActiveCfg = Debug|Any CPU
		{BB8B04E8-6790-4FA7-95E7-97E50765E64C}.Publish|Any CPU.Build.0 = Debug|Any CPU
		{BB8B04E8-6790-4FA7-95E7-97E50765E64C}.Publish|Mixed Platforms.ActiveCfg = Debug|Any CPU
		{BB8B04E8-6790-4FA7-95E7-97E50765E64C}.Publish|Mixed Platforms.Build.0 = Debug|Any CPU
		{BB8B04E8-6790-4FA7-95E7-97E50765E64C}.Publish|x64.ActiveCfg = Debug|Any CPU
		{BB8B04E8-6790-4FA7-95E7-97E50765E64C}.Publish|x64.Build.0 = Debug|Any CPU
		{BB8B04E8-6790-4FA7-95E7-97E50765E64C}.Publish|x86.ActiveCfg = Debug|Any CPU
		{BB8B04E8-6790-4FA7-95E7-97E50765E64C}.Publish|x86.Build.0 = Debug|Any CPU
		{BB8B04E8-6790-4FA7-95E7-97E50765E64C}.RedeemGiftTest|Any CPU.ActiveCfg = Release|Any CPU
		{BB8B04E8-6790-4FA7-95E7-97E50765E64C}.RedeemGiftTest|Any CPU.Build.0 = Release|Any CPU
		{BB8B04E8-6790-4FA7-95E7-97E50765E64C}.RedeemGiftTest|Mixed Platforms.ActiveCfg = Release|Any CPU
		{BB8B04E8-6790-4FA7-95E7-97E50765E64C}.RedeemGiftTest|Mixed Platforms.Build.0 = Release|Any CPU
		{BB8B04E8-6790-4FA7-95E7-97E50765E64C}.RedeemGiftTest|x64.ActiveCfg = Release|Any CPU
		{BB8B04E8-6790-4FA7-95E7-97E50765E64C}.RedeemGiftTest|x64.Build.0 = Release|Any CPU
		{BB8B04E8-6790-4FA7-95E7-97E50765E64C}.RedeemGiftTest|x86.ActiveCfg = Release|Any CPU
		{BB8B04E8-6790-4FA7-95E7-97E50765E64C}.RedeemGiftTest|x86.Build.0 = Release|Any CPU
		{BB8B04E8-6790-4FA7-95E7-97E50765E64C}.Release|Any CPU.ActiveCfg = Release|Any CPU
		{BB8B04E8-6790-4FA7-95E7-97E50765E64C}.Release|Any CPU.Build.0 = Release|Any CPU
		{BB8B04E8-6790-4FA7-95E7-97E50765E64C}.Release|Mixed Platforms.ActiveCfg = Release|Any CPU
		{BB8B04E8-6790-4FA7-95E7-97E50765E64C}.Release|Mixed Platforms.Build.0 = Release|Any CPU
		{BB8B04E8-6790-4FA7-95E7-97E50765E64C}.Release|x64.ActiveCfg = Release|Any CPU
		{BB8B04E8-6790-4FA7-95E7-97E50765E64C}.Release|x64.Build.0 = Release|Any CPU
		{BB8B04E8-6790-4FA7-95E7-97E50765E64C}.Release|x86.ActiveCfg = Release|Any CPU
		{BB8B04E8-6790-4FA7-95E7-97E50765E64C}.Release|x86.Build.0 = Release|Any CPU
		{BB8B04E8-6790-4FA7-95E7-97E50765E64C}.Test|Any CPU.ActiveCfg = Debug|Any CPU
		{BB8B04E8-6790-4FA7-95E7-97E50765E64C}.Test|Any CPU.Build.0 = Debug|Any CPU
		{BB8B04E8-6790-4FA7-95E7-97E50765E64C}.Test|Mixed Platforms.ActiveCfg = Debug|Any CPU
		{BB8B04E8-6790-4FA7-95E7-97E50765E64C}.Test|Mixed Platforms.Build.0 = Debug|Any CPU
		{BB8B04E8-6790-4FA7-95E7-97E50765E64C}.Test|x64.ActiveCfg = Debug|Any CPU
		{BB8B04E8-6790-4FA7-95E7-97E50765E64C}.Test|x64.Build.0 = Debug|Any CPU
		{BB8B04E8-6790-4FA7-95E7-97E50765E64C}.Test|x86.ActiveCfg = Debug|Any CPU
		{BB8B04E8-6790-4FA7-95E7-97E50765E64C}.Test|x86.Build.0 = Debug|Any CPU
		{1F754992-13CB-40F8-89C1-F4F7B9D38166}.Debug|Any CPU.ActiveCfg = Debug|Any CPU
		{1F754992-13CB-40F8-89C1-F4F7B9D38166}.Debug|Any CPU.Build.0 = Debug|Any CPU
		{1F754992-13CB-40F8-89C1-F4F7B9D38166}.Debug|Mixed Platforms.ActiveCfg = Debug|Any CPU
		{1F754992-13CB-40F8-89C1-F4F7B9D38166}.Debug|Mixed Platforms.Build.0 = Debug|Any CPU
		{1F754992-13CB-40F8-89C1-F4F7B9D38166}.Debug|x64.ActiveCfg = Debug|Any CPU
		{1F754992-13CB-40F8-89C1-F4F7B9D38166}.Debug|x64.Build.0 = Debug|Any CPU
		{1F754992-13CB-40F8-89C1-F4F7B9D38166}.Debug|x86.ActiveCfg = Debug|Any CPU
		{1F754992-13CB-40F8-89C1-F4F7B9D38166}.Debug|x86.Build.0 = Debug|Any CPU
		{1F754992-13CB-40F8-89C1-F4F7B9D38166}.EmailValidator|Any CPU.ActiveCfg = Debug|Any CPU
		{1F754992-13CB-40F8-89C1-F4F7B9D38166}.EmailValidator|Any CPU.Build.0 = Debug|Any CPU
		{1F754992-13CB-40F8-89C1-F4F7B9D38166}.EmailValidator|Mixed Platforms.ActiveCfg = Debug|Any CPU
		{1F754992-13CB-40F8-89C1-F4F7B9D38166}.EmailValidator|Mixed Platforms.Build.0 = Debug|Any CPU
		{1F754992-13CB-40F8-89C1-F4F7B9D38166}.EmailValidator|x64.ActiveCfg = Debug|Any CPU
		{1F754992-13CB-40F8-89C1-F4F7B9D38166}.EmailValidator|x64.Build.0 = Debug|Any CPU
		{1F754992-13CB-40F8-89C1-F4F7B9D38166}.EmailValidator|x86.ActiveCfg = Debug|Any CPU
		{1F754992-13CB-40F8-89C1-F4F7B9D38166}.EmailValidator|x86.Build.0 = Debug|Any CPU
		{1F754992-13CB-40F8-89C1-F4F7B9D38166}.Publish|Any CPU.ActiveCfg = Debug|Any CPU
		{1F754992-13CB-40F8-89C1-F4F7B9D38166}.Publish|Any CPU.Build.0 = Debug|Any CPU
		{1F754992-13CB-40F8-89C1-F4F7B9D38166}.Publish|Mixed Platforms.ActiveCfg = Debug|Any CPU
		{1F754992-13CB-40F8-89C1-F4F7B9D38166}.Publish|Mixed Platforms.Build.0 = Debug|Any CPU
		{1F754992-13CB-40F8-89C1-F4F7B9D38166}.Publish|x64.ActiveCfg = Debug|Any CPU
		{1F754992-13CB-40F8-89C1-F4F7B9D38166}.Publish|x64.Build.0 = Debug|Any CPU
		{1F754992-13CB-40F8-89C1-F4F7B9D38166}.Publish|x86.ActiveCfg = Debug|Any CPU
		{1F754992-13CB-40F8-89C1-F4F7B9D38166}.Publish|x86.Build.0 = Debug|Any CPU
		{1F754992-13CB-40F8-89C1-F4F7B9D38166}.RedeemGiftTest|Any CPU.ActiveCfg = Release|Any CPU
		{1F754992-13CB-40F8-89C1-F4F7B9D38166}.RedeemGiftTest|Any CPU.Build.0 = Release|Any CPU
		{1F754992-13CB-40F8-89C1-F4F7B9D38166}.RedeemGiftTest|Mixed Platforms.ActiveCfg = Release|Any CPU
		{1F754992-13CB-40F8-89C1-F4F7B9D38166}.RedeemGiftTest|Mixed Platforms.Build.0 = Release|Any CPU
		{1F754992-13CB-40F8-89C1-F4F7B9D38166}.RedeemGiftTest|x64.ActiveCfg = Release|Any CPU
		{1F754992-13CB-40F8-89C1-F4F7B9D38166}.RedeemGiftTest|x64.Build.0 = Release|Any CPU
		{1F754992-13CB-40F8-89C1-F4F7B9D38166}.RedeemGiftTest|x86.ActiveCfg = Release|Any CPU
		{1F754992-13CB-40F8-89C1-F4F7B9D38166}.RedeemGiftTest|x86.Build.0 = Release|Any CPU
		{1F754992-13CB-40F8-89C1-F4F7B9D38166}.Release|Any CPU.ActiveCfg = Release|Any CPU
		{1F754992-13CB-40F8-89C1-F4F7B9D38166}.Release|Any CPU.Build.0 = Release|Any CPU
		{1F754992-13CB-40F8-89C1-F4F7B9D38166}.Release|Mixed Platforms.ActiveCfg = Release|Any CPU
		{1F754992-13CB-40F8-89C1-F4F7B9D38166}.Release|Mixed Platforms.Build.0 = Release|Any CPU
		{1F754992-13CB-40F8-89C1-F4F7B9D38166}.Release|x64.ActiveCfg = Release|Any CPU
		{1F754992-13CB-40F8-89C1-F4F7B9D38166}.Release|x64.Build.0 = Release|Any CPU
		{1F754992-13CB-40F8-89C1-F4F7B9D38166}.Release|x86.ActiveCfg = Release|Any CPU
		{1F754992-13CB-40F8-89C1-F4F7B9D38166}.Release|x86.Build.0 = Release|Any CPU
		{1F754992-13CB-40F8-89C1-F4F7B9D38166}.Test|Any CPU.ActiveCfg = Debug|Any CPU
		{1F754992-13CB-40F8-89C1-F4F7B9D38166}.Test|Any CPU.Build.0 = Debug|Any CPU
		{1F754992-13CB-40F8-89C1-F4F7B9D38166}.Test|Mixed Platforms.ActiveCfg = Debug|Any CPU
		{1F754992-13CB-40F8-89C1-F4F7B9D38166}.Test|Mixed Platforms.Build.0 = Debug|Any CPU
		{1F754992-13CB-40F8-89C1-F4F7B9D38166}.Test|x64.ActiveCfg = Debug|Any CPU
		{1F754992-13CB-40F8-89C1-F4F7B9D38166}.Test|x64.Build.0 = Debug|Any CPU
		{1F754992-13CB-40F8-89C1-F4F7B9D38166}.Test|x86.ActiveCfg = Debug|Any CPU
		{1F754992-13CB-40F8-89C1-F4F7B9D38166}.Test|x86.Build.0 = Debug|Any CPU
		{A537FF21-3384-4CF4-8621-E5E436F72226}.Debug|Any CPU.ActiveCfg = Debug|Any CPU
		{A537FF21-3384-4CF4-8621-E5E436F72226}.Debug|Any CPU.Build.0 = Debug|Any CPU
		{A537FF21-3384-4CF4-8621-E5E436F72226}.Debug|Mixed Platforms.ActiveCfg = Debug|Any CPU
		{A537FF21-3384-4CF4-8621-E5E436F72226}.Debug|Mixed Platforms.Build.0 = Debug|Any CPU
		{A537FF21-3384-4CF4-8621-E5E436F72226}.Debug|x64.ActiveCfg = Debug|Any CPU
		{A537FF21-3384-4CF4-8621-E5E436F72226}.Debug|x64.Build.0 = Debug|Any CPU
		{A537FF21-3384-4CF4-8621-E5E436F72226}.Debug|x86.ActiveCfg = Debug|Any CPU
		{A537FF21-3384-4CF4-8621-E5E436F72226}.Debug|x86.Build.0 = Debug|Any CPU
		{A537FF21-3384-4CF4-8621-E5E436F72226}.EmailValidator|Any CPU.ActiveCfg = Debug|Any CPU
		{A537FF21-3384-4CF4-8621-E5E436F72226}.EmailValidator|Any CPU.Build.0 = Debug|Any CPU
		{A537FF21-3384-4CF4-8621-E5E436F72226}.EmailValidator|Mixed Platforms.ActiveCfg = Debug|Any CPU
		{A537FF21-3384-4CF4-8621-E5E436F72226}.EmailValidator|Mixed Platforms.Build.0 = Debug|Any CPU
		{A537FF21-3384-4CF4-8621-E5E436F72226}.EmailValidator|x64.ActiveCfg = Debug|Any CPU
		{A537FF21-3384-4CF4-8621-E5E436F72226}.EmailValidator|x64.Build.0 = Debug|Any CPU
		{A537FF21-3384-4CF4-8621-E5E436F72226}.EmailValidator|x86.ActiveCfg = Debug|Any CPU
		{A537FF21-3384-4CF4-8621-E5E436F72226}.EmailValidator|x86.Build.0 = Debug|Any CPU
		{A537FF21-3384-4CF4-8621-E5E436F72226}.Publish|Any CPU.ActiveCfg = Debug|Any CPU
		{A537FF21-3384-4CF4-8621-E5E436F72226}.Publish|Any CPU.Build.0 = Debug|Any CPU
		{A537FF21-3384-4CF4-8621-E5E436F72226}.Publish|Mixed Platforms.ActiveCfg = Debug|Any CPU
		{A537FF21-3384-4CF4-8621-E5E436F72226}.Publish|Mixed Platforms.Build.0 = Debug|Any CPU
		{A537FF21-3384-4CF4-8621-E5E436F72226}.Publish|x64.ActiveCfg = Debug|Any CPU
		{A537FF21-3384-4CF4-8621-E5E436F72226}.Publish|x64.Build.0 = Debug|Any CPU
		{A537FF21-3384-4CF4-8621-E5E436F72226}.Publish|x86.ActiveCfg = Debug|Any CPU
		{A537FF21-3384-4CF4-8621-E5E436F72226}.Publish|x86.Build.0 = Debug|Any CPU
		{A537FF21-3384-4CF4-8621-E5E436F72226}.RedeemGiftTest|Any CPU.ActiveCfg = Release|Any CPU
		{A537FF21-3384-4CF4-8621-E5E436F72226}.RedeemGiftTest|Any CPU.Build.0 = Release|Any CPU
		{A537FF21-3384-4CF4-8621-E5E436F72226}.RedeemGiftTest|Mixed Platforms.ActiveCfg = Release|Any CPU
		{A537FF21-3384-4CF4-8621-E5E436F72226}.RedeemGiftTest|Mixed Platforms.Build.0 = Release|Any CPU
		{A537FF21-3384-4CF4-8621-E5E436F72226}.RedeemGiftTest|x64.ActiveCfg = Release|Any CPU
		{A537FF21-3384-4CF4-8621-E5E436F72226}.RedeemGiftTest|x64.Build.0 = Release|Any CPU
		{A537FF21-3384-4CF4-8621-E5E436F72226}.RedeemGiftTest|x86.ActiveCfg = Release|Any CPU
		{A537FF21-3384-4CF4-8621-E5E436F72226}.RedeemGiftTest|x86.Build.0 = Release|Any CPU
		{A537FF21-3384-4CF4-8621-E5E436F72226}.Release|Any CPU.ActiveCfg = Release|Any CPU
		{A537FF21-3384-4CF4-8621-E5E436F72226}.Release|Any CPU.Build.0 = Release|Any CPU
		{A537FF21-3384-4CF4-8621-E5E436F72226}.Release|Mixed Platforms.ActiveCfg = Release|Any CPU
		{A537FF21-3384-4CF4-8621-E5E436F72226}.Release|Mixed Platforms.Build.0 = Release|Any CPU
		{A537FF21-3384-4CF4-8621-E5E436F72226}.Release|x64.ActiveCfg = Release|Any CPU
		{A537FF21-3384-4CF4-8621-E5E436F72226}.Release|x64.Build.0 = Release|Any CPU
		{A537FF21-3384-4CF4-8621-E5E436F72226}.Release|x86.ActiveCfg = Release|Any CPU
		{A537FF21-3384-4CF4-8621-E5E436F72226}.Release|x86.Build.0 = Release|Any CPU
		{A537FF21-3384-4CF4-8621-E5E436F72226}.Test|Any CPU.ActiveCfg = Debug|Any CPU
		{A537FF21-3384-4CF4-8621-E5E436F72226}.Test|Any CPU.Build.0 = Debug|Any CPU
		{A537FF21-3384-4CF4-8621-E5E436F72226}.Test|Mixed Platforms.ActiveCfg = Debug|Any CPU
		{A537FF21-3384-4CF4-8621-E5E436F72226}.Test|Mixed Platforms.Build.0 = Debug|Any CPU
		{A537FF21-3384-4CF4-8621-E5E436F72226}.Test|x64.ActiveCfg = Debug|Any CPU
		{A537FF21-3384-4CF4-8621-E5E436F72226}.Test|x64.Build.0 = Debug|Any CPU
		{A537FF21-3384-4CF4-8621-E5E436F72226}.Test|x86.ActiveCfg = Debug|Any CPU
		{A537FF21-3384-4CF4-8621-E5E436F72226}.Test|x86.Build.0 = Debug|Any CPU
		{D4CFBC00-7C31-475E-852A-1F209BDDB2AC}.Debug|Any CPU.ActiveCfg = Debug|Any CPU
		{D4CFBC00-7C31-475E-852A-1F209BDDB2AC}.Debug|Any CPU.Build.0 = Debug|Any CPU
		{D4CFBC00-7C31-475E-852A-1F209BDDB2AC}.Debug|Mixed Platforms.ActiveCfg = Debug|Any CPU
		{D4CFBC00-7C31-475E-852A-1F209BDDB2AC}.Debug|Mixed Platforms.Build.0 = Debug|Any CPU
		{D4CFBC00-7C31-475E-852A-1F209BDDB2AC}.Debug|x64.ActiveCfg = Debug|Any CPU
		{D4CFBC00-7C31-475E-852A-1F209BDDB2AC}.Debug|x64.Build.0 = Debug|Any CPU
		{D4CFBC00-7C31-475E-852A-1F209BDDB2AC}.Debug|x86.ActiveCfg = Debug|Any CPU
		{D4CFBC00-7C31-475E-852A-1F209BDDB2AC}.Debug|x86.Build.0 = Debug|Any CPU
		{D4CFBC00-7C31-475E-852A-1F209BDDB2AC}.EmailValidator|Any CPU.ActiveCfg = Debug|Any CPU
		{D4CFBC00-7C31-475E-852A-1F209BDDB2AC}.EmailValidator|Any CPU.Build.0 = Debug|Any CPU
		{D4CFBC00-7C31-475E-852A-1F209BDDB2AC}.EmailValidator|Mixed Platforms.ActiveCfg = Debug|Any CPU
		{D4CFBC00-7C31-475E-852A-1F209BDDB2AC}.EmailValidator|Mixed Platforms.Build.0 = Debug|Any CPU
		{D4CFBC00-7C31-475E-852A-1F209BDDB2AC}.EmailValidator|x64.ActiveCfg = Debug|Any CPU
		{D4CFBC00-7C31-475E-852A-1F209BDDB2AC}.EmailValidator|x64.Build.0 = Debug|Any CPU
		{D4CFBC00-7C31-475E-852A-1F209BDDB2AC}.EmailValidator|x86.ActiveCfg = Debug|Any CPU
		{D4CFBC00-7C31-475E-852A-1F209BDDB2AC}.EmailValidator|x86.Build.0 = Debug|Any CPU
		{D4CFBC00-7C31-475E-852A-1F209BDDB2AC}.Publish|Any CPU.ActiveCfg = Debug|Any CPU
		{D4CFBC00-7C31-475E-852A-1F209BDDB2AC}.Publish|Any CPU.Build.0 = Debug|Any CPU
		{D4CFBC00-7C31-475E-852A-1F209BDDB2AC}.Publish|Mixed Platforms.ActiveCfg = Debug|Any CPU
		{D4CFBC00-7C31-475E-852A-1F209BDDB2AC}.Publish|Mixed Platforms.Build.0 = Debug|Any CPU
		{D4CFBC00-7C31-475E-852A-1F209BDDB2AC}.Publish|x64.ActiveCfg = Debug|Any CPU
		{D4CFBC00-7C31-475E-852A-1F209BDDB2AC}.Publish|x64.Build.0 = Debug|Any CPU
		{D4CFBC00-7C31-475E-852A-1F209BDDB2AC}.Publish|x86.ActiveCfg = Debug|Any CPU
		{D4CFBC00-7C31-475E-852A-1F209BDDB2AC}.Publish|x86.Build.0 = Debug|Any CPU
		{D4CFBC00-7C31-475E-852A-1F209BDDB2AC}.RedeemGiftTest|Any CPU.ActiveCfg = Release|Any CPU
		{D4CFBC00-7C31-475E-852A-1F209BDDB2AC}.RedeemGiftTest|Any CPU.Build.0 = Release|Any CPU
		{D4CFBC00-7C31-475E-852A-1F209BDDB2AC}.RedeemGiftTest|Mixed Platforms.ActiveCfg = Release|Any CPU
		{D4CFBC00-7C31-475E-852A-1F209BDDB2AC}.RedeemGiftTest|Mixed Platforms.Build.0 = Release|Any CPU
		{D4CFBC00-7C31-475E-852A-1F209BDDB2AC}.RedeemGiftTest|x64.ActiveCfg = Release|Any CPU
		{D4CFBC00-7C31-475E-852A-1F209BDDB2AC}.RedeemGiftTest|x64.Build.0 = Release|Any CPU
		{D4CFBC00-7C31-475E-852A-1F209BDDB2AC}.RedeemGiftTest|x86.ActiveCfg = Release|Any CPU
		{D4CFBC00-7C31-475E-852A-1F209BDDB2AC}.RedeemGiftTest|x86.Build.0 = Release|Any CPU
		{D4CFBC00-7C31-475E-852A-1F209BDDB2AC}.Release|Any CPU.ActiveCfg = Release|Any CPU
		{D4CFBC00-7C31-475E-852A-1F209BDDB2AC}.Release|Any CPU.Build.0 = Release|Any CPU
		{D4CFBC00-7C31-475E-852A-1F209BDDB2AC}.Release|Mixed Platforms.ActiveCfg = Release|Any CPU
		{D4CFBC00-7C31-475E-852A-1F209BDDB2AC}.Release|Mixed Platforms.Build.0 = Release|Any CPU
		{D4CFBC00-7C31-475E-852A-1F209BDDB2AC}.Release|x64.ActiveCfg = Release|Any CPU
		{D4CFBC00-7C31-475E-852A-1F209BDDB2AC}.Release|x64.Build.0 = Release|Any CPU
		{D4CFBC00-7C31-475E-852A-1F209BDDB2AC}.Release|x86.ActiveCfg = Release|Any CPU
		{D4CFBC00-7C31-475E-852A-1F209BDDB2AC}.Release|x86.Build.0 = Release|Any CPU
		{D4CFBC00-7C31-475E-852A-1F209BDDB2AC}.Test|Any CPU.ActiveCfg = Debug|Any CPU
		{D4CFBC00-7C31-475E-852A-1F209BDDB2AC}.Test|Any CPU.Build.0 = Debug|Any CPU
		{D4CFBC00-7C31-475E-852A-1F209BDDB2AC}.Test|Mixed Platforms.ActiveCfg = Debug|Any CPU
		{D4CFBC00-7C31-475E-852A-1F209BDDB2AC}.Test|Mixed Platforms.Build.0 = Debug|Any CPU
		{D4CFBC00-7C31-475E-852A-1F209BDDB2AC}.Test|x64.ActiveCfg = Debug|Any CPU
		{D4CFBC00-7C31-475E-852A-1F209BDDB2AC}.Test|x64.Build.0 = Debug|Any CPU
		{D4CFBC00-7C31-475E-852A-1F209BDDB2AC}.Test|x86.ActiveCfg = Debug|Any CPU
		{D4CFBC00-7C31-475E-852A-1F209BDDB2AC}.Test|x86.Build.0 = Debug|Any CPU
		{66203CB5-FB2F-408F-9991-2C8D1363AD6E}.Debug|Any CPU.ActiveCfg = Debug|Any CPU
		{66203CB5-FB2F-408F-9991-2C8D1363AD6E}.Debug|Any CPU.Build.0 = Debug|Any CPU
		{66203CB5-FB2F-408F-9991-2C8D1363AD6E}.Debug|Mixed Platforms.ActiveCfg = Debug|Any CPU
		{66203CB5-FB2F-408F-9991-2C8D1363AD6E}.Debug|Mixed Platforms.Build.0 = Debug|Any CPU
		{66203CB5-FB2F-408F-9991-2C8D1363AD6E}.Debug|x64.ActiveCfg = Debug|Any CPU
		{66203CB5-FB2F-408F-9991-2C8D1363AD6E}.Debug|x64.Build.0 = Debug|Any CPU
		{66203CB5-FB2F-408F-9991-2C8D1363AD6E}.Debug|x86.ActiveCfg = Debug|Any CPU
		{66203CB5-FB2F-408F-9991-2C8D1363AD6E}.Debug|x86.Build.0 = Debug|Any CPU
		{66203CB5-FB2F-408F-9991-2C8D1363AD6E}.EmailValidator|Any CPU.ActiveCfg = Debug|Any CPU
		{66203CB5-FB2F-408F-9991-2C8D1363AD6E}.EmailValidator|Any CPU.Build.0 = Debug|Any CPU
		{66203CB5-FB2F-408F-9991-2C8D1363AD6E}.EmailValidator|Mixed Platforms.ActiveCfg = Debug|Any CPU
		{66203CB5-FB2F-408F-9991-2C8D1363AD6E}.EmailValidator|Mixed Platforms.Build.0 = Debug|Any CPU
		{66203CB5-FB2F-408F-9991-2C8D1363AD6E}.EmailValidator|x64.ActiveCfg = Debug|Any CPU
		{66203CB5-FB2F-408F-9991-2C8D1363AD6E}.EmailValidator|x64.Build.0 = Debug|Any CPU
		{66203CB5-FB2F-408F-9991-2C8D1363AD6E}.EmailValidator|x86.ActiveCfg = Debug|Any CPU
		{66203CB5-FB2F-408F-9991-2C8D1363AD6E}.EmailValidator|x86.Build.0 = Debug|Any CPU
		{66203CB5-FB2F-408F-9991-2C8D1363AD6E}.Publish|Any CPU.ActiveCfg = Debug|Any CPU
		{66203CB5-FB2F-408F-9991-2C8D1363AD6E}.Publish|Any CPU.Build.0 = Debug|Any CPU
		{66203CB5-FB2F-408F-9991-2C8D1363AD6E}.Publish|Mixed Platforms.ActiveCfg = Debug|Any CPU
		{66203CB5-FB2F-408F-9991-2C8D1363AD6E}.Publish|Mixed Platforms.Build.0 = Debug|Any CPU
		{66203CB5-FB2F-408F-9991-2C8D1363AD6E}.Publish|x64.ActiveCfg = Debug|Any CPU
		{66203CB5-FB2F-408F-9991-2C8D1363AD6E}.Publish|x64.Build.0 = Debug|Any CPU
		{66203CB5-FB2F-408F-9991-2C8D1363AD6E}.Publish|x86.ActiveCfg = Debug|Any CPU
		{66203CB5-FB2F-408F-9991-2C8D1363AD6E}.Publish|x86.Build.0 = Debug|Any CPU
		{66203CB5-FB2F-408F-9991-2C8D1363AD6E}.RedeemGiftTest|Any CPU.ActiveCfg = Release|Any CPU
		{66203CB5-FB2F-408F-9991-2C8D1363AD6E}.RedeemGiftTest|Any CPU.Build.0 = Release|Any CPU
		{66203CB5-FB2F-408F-9991-2C8D1363AD6E}.RedeemGiftTest|Mixed Platforms.ActiveCfg = Release|Any CPU
		{66203CB5-FB2F-408F-9991-2C8D1363AD6E}.RedeemGiftTest|Mixed Platforms.Build.0 = Release|Any CPU
		{66203CB5-FB2F-408F-9991-2C8D1363AD6E}.RedeemGiftTest|x64.ActiveCfg = Release|Any CPU
		{66203CB5-FB2F-408F-9991-2C8D1363AD6E}.RedeemGiftTest|x64.Build.0 = Release|Any CPU
		{66203CB5-FB2F-408F-9991-2C8D1363AD6E}.RedeemGiftTest|x86.ActiveCfg = Release|Any CPU
		{66203CB5-FB2F-408F-9991-2C8D1363AD6E}.RedeemGiftTest|x86.Build.0 = Release|Any CPU
		{66203CB5-FB2F-408F-9991-2C8D1363AD6E}.Release|Any CPU.ActiveCfg = Release|Any CPU
		{66203CB5-FB2F-408F-9991-2C8D1363AD6E}.Release|Any CPU.Build.0 = Release|Any CPU
		{66203CB5-FB2F-408F-9991-2C8D1363AD6E}.Release|Mixed Platforms.ActiveCfg = Release|Any CPU
		{66203CB5-FB2F-408F-9991-2C8D1363AD6E}.Release|Mixed Platforms.Build.0 = Release|Any CPU
		{66203CB5-FB2F-408F-9991-2C8D1363AD6E}.Release|x64.ActiveCfg = Release|Any CPU
		{66203CB5-FB2F-408F-9991-2C8D1363AD6E}.Release|x64.Build.0 = Release|Any CPU
		{66203CB5-FB2F-408F-9991-2C8D1363AD6E}.Release|x86.ActiveCfg = Release|Any CPU
		{66203CB5-FB2F-408F-9991-2C8D1363AD6E}.Release|x86.Build.0 = Release|Any CPU
		{66203CB5-FB2F-408F-9991-2C8D1363AD6E}.Test|Any CPU.ActiveCfg = Debug|Any CPU
		{66203CB5-FB2F-408F-9991-2C8D1363AD6E}.Test|Any CPU.Build.0 = Debug|Any CPU
		{66203CB5-FB2F-408F-9991-2C8D1363AD6E}.Test|Mixed Platforms.ActiveCfg = Debug|Any CPU
		{66203CB5-FB2F-408F-9991-2C8D1363AD6E}.Test|Mixed Platforms.Build.0 = Debug|Any CPU
		{66203CB5-FB2F-408F-9991-2C8D1363AD6E}.Test|x64.ActiveCfg = Debug|Any CPU
		{66203CB5-FB2F-408F-9991-2C8D1363AD6E}.Test|x64.Build.0 = Debug|Any CPU
		{66203CB5-FB2F-408F-9991-2C8D1363AD6E}.Test|x86.ActiveCfg = Debug|Any CPU
		{66203CB5-FB2F-408F-9991-2C8D1363AD6E}.Test|x86.Build.0 = Debug|Any CPU
		{1B9518AF-AC05-4582-B736-7E9AE2CE7D97}.Debug|Any CPU.ActiveCfg = Debug|Any CPU
		{1B9518AF-AC05-4582-B736-7E9AE2CE7D97}.Debug|Any CPU.Build.0 = Debug|Any CPU
		{1B9518AF-AC05-4582-B736-7E9AE2CE7D97}.Debug|Mixed Platforms.ActiveCfg = Debug|Any CPU
		{1B9518AF-AC05-4582-B736-7E9AE2CE7D97}.Debug|Mixed Platforms.Build.0 = Debug|Any CPU
		{1B9518AF-AC05-4582-B736-7E9AE2CE7D97}.Debug|x64.ActiveCfg = Debug|Any CPU
		{1B9518AF-AC05-4582-B736-7E9AE2CE7D97}.Debug|x64.Build.0 = Debug|Any CPU
		{1B9518AF-AC05-4582-B736-7E9AE2CE7D97}.Debug|x86.ActiveCfg = Debug|Any CPU
		{1B9518AF-AC05-4582-B736-7E9AE2CE7D97}.Debug|x86.Build.0 = Debug|Any CPU
		{1B9518AF-AC05-4582-B736-7E9AE2CE7D97}.EmailValidator|Any CPU.ActiveCfg = Debug|Any CPU
		{1B9518AF-AC05-4582-B736-7E9AE2CE7D97}.EmailValidator|Any CPU.Build.0 = Debug|Any CPU
		{1B9518AF-AC05-4582-B736-7E9AE2CE7D97}.EmailValidator|Mixed Platforms.ActiveCfg = Debug|Any CPU
		{1B9518AF-AC05-4582-B736-7E9AE2CE7D97}.EmailValidator|Mixed Platforms.Build.0 = Debug|Any CPU
		{1B9518AF-AC05-4582-B736-7E9AE2CE7D97}.EmailValidator|x64.ActiveCfg = Debug|Any CPU
		{1B9518AF-AC05-4582-B736-7E9AE2CE7D97}.EmailValidator|x64.Build.0 = Debug|Any CPU
		{1B9518AF-AC05-4582-B736-7E9AE2CE7D97}.EmailValidator|x86.ActiveCfg = Debug|Any CPU
		{1B9518AF-AC05-4582-B736-7E9AE2CE7D97}.EmailValidator|x86.Build.0 = Debug|Any CPU
		{1B9518AF-AC05-4582-B736-7E9AE2CE7D97}.Publish|Any CPU.ActiveCfg = Debug|Any CPU
		{1B9518AF-AC05-4582-B736-7E9AE2CE7D97}.Publish|Any CPU.Build.0 = Debug|Any CPU
		{1B9518AF-AC05-4582-B736-7E9AE2CE7D97}.Publish|Mixed Platforms.ActiveCfg = Debug|Any CPU
		{1B9518AF-AC05-4582-B736-7E9AE2CE7D97}.Publish|Mixed Platforms.Build.0 = Debug|Any CPU
		{1B9518AF-AC05-4582-B736-7E9AE2CE7D97}.Publish|x64.ActiveCfg = Debug|Any CPU
		{1B9518AF-AC05-4582-B736-7E9AE2CE7D97}.Publish|x64.Build.0 = Debug|Any CPU
		{1B9518AF-AC05-4582-B736-7E9AE2CE7D97}.Publish|x86.ActiveCfg = Debug|Any CPU
		{1B9518AF-AC05-4582-B736-7E9AE2CE7D97}.Publish|x86.Build.0 = Debug|Any CPU
		{1B9518AF-AC05-4582-B736-7E9AE2CE7D97}.RedeemGiftTest|Any CPU.ActiveCfg = Release|Any CPU
		{1B9518AF-AC05-4582-B736-7E9AE2CE7D97}.RedeemGiftTest|Any CPU.Build.0 = Release|Any CPU
		{1B9518AF-AC05-4582-B736-7E9AE2CE7D97}.RedeemGiftTest|Mixed Platforms.ActiveCfg = Release|Any CPU
		{1B9518AF-AC05-4582-B736-7E9AE2CE7D97}.RedeemGiftTest|Mixed Platforms.Build.0 = Release|Any CPU
		{1B9518AF-AC05-4582-B736-7E9AE2CE7D97}.RedeemGiftTest|x64.ActiveCfg = Release|Any CPU
		{1B9518AF-AC05-4582-B736-7E9AE2CE7D97}.RedeemGiftTest|x64.Build.0 = Release|Any CPU
		{1B9518AF-AC05-4582-B736-7E9AE2CE7D97}.RedeemGiftTest|x86.ActiveCfg = Release|Any CPU
		{1B9518AF-AC05-4582-B736-7E9AE2CE7D97}.RedeemGiftTest|x86.Build.0 = Release|Any CPU
		{1B9518AF-AC05-4582-B736-7E9AE2CE7D97}.Release|Any CPU.ActiveCfg = Release|Any CPU
		{1B9518AF-AC05-4582-B736-7E9AE2CE7D97}.Release|Any CPU.Build.0 = Release|Any CPU
		{1B9518AF-AC05-4582-B736-7E9AE2CE7D97}.Release|Mixed Platforms.ActiveCfg = Release|Any CPU
		{1B9518AF-AC05-4582-B736-7E9AE2CE7D97}.Release|Mixed Platforms.Build.0 = Release|Any CPU
		{1B9518AF-AC05-4582-B736-7E9AE2CE7D97}.Release|x64.ActiveCfg = Release|Any CPU
		{1B9518AF-AC05-4582-B736-7E9AE2CE7D97}.Release|x64.Build.0 = Release|Any CPU
		{1B9518AF-AC05-4582-B736-7E9AE2CE7D97}.Release|x86.ActiveCfg = Release|Any CPU
		{1B9518AF-AC05-4582-B736-7E9AE2CE7D97}.Release|x86.Build.0 = Release|Any CPU
		{1B9518AF-AC05-4582-B736-7E9AE2CE7D97}.Test|Any CPU.ActiveCfg = Debug|Any CPU
		{1B9518AF-AC05-4582-B736-7E9AE2CE7D97}.Test|Any CPU.Build.0 = Debug|Any CPU
		{1B9518AF-AC05-4582-B736-7E9AE2CE7D97}.Test|Mixed Platforms.ActiveCfg = Debug|Any CPU
		{1B9518AF-AC05-4582-B736-7E9AE2CE7D97}.Test|Mixed Platforms.Build.0 = Debug|Any CPU
		{1B9518AF-AC05-4582-B736-7E9AE2CE7D97}.Test|x64.ActiveCfg = Debug|Any CPU
		{1B9518AF-AC05-4582-B736-7E9AE2CE7D97}.Test|x64.Build.0 = Debug|Any CPU
		{1B9518AF-AC05-4582-B736-7E9AE2CE7D97}.Test|x86.ActiveCfg = Debug|Any CPU
		{1B9518AF-AC05-4582-B736-7E9AE2CE7D97}.Test|x86.Build.0 = Debug|Any CPU
		{341BBE6A-158F-4CF3-96F4-AD5E945F7EB0}.Debug|Any CPU.ActiveCfg = Debug|Any CPU
		{341BBE6A-158F-4CF3-96F4-AD5E945F7EB0}.Debug|Any CPU.Build.0 = Debug|Any CPU
		{341BBE6A-158F-4CF3-96F4-AD5E945F7EB0}.Debug|Mixed Platforms.ActiveCfg = Debug|Any CPU
		{341BBE6A-158F-4CF3-96F4-AD5E945F7EB0}.Debug|Mixed Platforms.Build.0 = Debug|Any CPU
		{341BBE6A-158F-4CF3-96F4-AD5E945F7EB0}.Debug|x64.ActiveCfg = Debug|Any CPU
		{341BBE6A-158F-4CF3-96F4-AD5E945F7EB0}.Debug|x64.Build.0 = Debug|Any CPU
		{341BBE6A-158F-4CF3-96F4-AD5E945F7EB0}.Debug|x86.ActiveCfg = Debug|Any CPU
		{341BBE6A-158F-4CF3-96F4-AD5E945F7EB0}.Debug|x86.Build.0 = Debug|Any CPU
		{341BBE6A-158F-4CF3-96F4-AD5E945F7EB0}.EmailValidator|Any CPU.ActiveCfg = Debug|Any CPU
		{341BBE6A-158F-4CF3-96F4-AD5E945F7EB0}.EmailValidator|Any CPU.Build.0 = Debug|Any CPU
		{341BBE6A-158F-4CF3-96F4-AD5E945F7EB0}.EmailValidator|Mixed Platforms.ActiveCfg = Debug|Any CPU
		{341BBE6A-158F-4CF3-96F4-AD5E945F7EB0}.EmailValidator|Mixed Platforms.Build.0 = Debug|Any CPU
		{341BBE6A-158F-4CF3-96F4-AD5E945F7EB0}.EmailValidator|x64.ActiveCfg = Debug|Any CPU
		{341BBE6A-158F-4CF3-96F4-AD5E945F7EB0}.EmailValidator|x64.Build.0 = Debug|Any CPU
		{341BBE6A-158F-4CF3-96F4-AD5E945F7EB0}.EmailValidator|x86.ActiveCfg = Debug|Any CPU
		{341BBE6A-158F-4CF3-96F4-AD5E945F7EB0}.EmailValidator|x86.Build.0 = Debug|Any CPU
		{341BBE6A-158F-4CF3-96F4-AD5E945F7EB0}.Publish|Any CPU.ActiveCfg = Debug|Any CPU
		{341BBE6A-158F-4CF3-96F4-AD5E945F7EB0}.Publish|Any CPU.Build.0 = Debug|Any CPU
		{341BBE6A-158F-4CF3-96F4-AD5E945F7EB0}.Publish|Mixed Platforms.ActiveCfg = Debug|Any CPU
		{341BBE6A-158F-4CF3-96F4-AD5E945F7EB0}.Publish|Mixed Platforms.Build.0 = Debug|Any CPU
		{341BBE6A-158F-4CF3-96F4-AD5E945F7EB0}.Publish|x64.ActiveCfg = Debug|Any CPU
		{341BBE6A-158F-4CF3-96F4-AD5E945F7EB0}.Publish|x64.Build.0 = Debug|Any CPU
		{341BBE6A-158F-4CF3-96F4-AD5E945F7EB0}.Publish|x86.ActiveCfg = Debug|Any CPU
		{341BBE6A-158F-4CF3-96F4-AD5E945F7EB0}.Publish|x86.Build.0 = Debug|Any CPU
		{341BBE6A-158F-4CF3-96F4-AD5E945F7EB0}.RedeemGiftTest|Any CPU.ActiveCfg = Release|Any CPU
		{341BBE6A-158F-4CF3-96F4-AD5E945F7EB0}.RedeemGiftTest|Any CPU.Build.0 = Release|Any CPU
		{341BBE6A-158F-4CF3-96F4-AD5E945F7EB0}.RedeemGiftTest|Mixed Platforms.ActiveCfg = Release|Any CPU
		{341BBE6A-158F-4CF3-96F4-AD5E945F7EB0}.RedeemGiftTest|Mixed Platforms.Build.0 = Release|Any CPU
		{341BBE6A-158F-4CF3-96F4-AD5E945F7EB0}.RedeemGiftTest|x64.ActiveCfg = Release|Any CPU
		{341BBE6A-158F-4CF3-96F4-AD5E945F7EB0}.RedeemGiftTest|x64.Build.0 = Release|Any CPU
		{341BBE6A-158F-4CF3-96F4-AD5E945F7EB0}.RedeemGiftTest|x86.ActiveCfg = Release|Any CPU
		{341BBE6A-158F-4CF3-96F4-AD5E945F7EB0}.RedeemGiftTest|x86.Build.0 = Release|Any CPU
		{341BBE6A-158F-4CF3-96F4-AD5E945F7EB0}.Release|Any CPU.ActiveCfg = Release|Any CPU
		{341BBE6A-158F-4CF3-96F4-AD5E945F7EB0}.Release|Any CPU.Build.0 = Release|Any CPU
		{341BBE6A-158F-4CF3-96F4-AD5E945F7EB0}.Release|Mixed Platforms.ActiveCfg = Release|Any CPU
		{341BBE6A-158F-4CF3-96F4-AD5E945F7EB0}.Release|Mixed Platforms.Build.0 = Release|Any CPU
		{341BBE6A-158F-4CF3-96F4-AD5E945F7EB0}.Release|x64.ActiveCfg = Release|Any CPU
		{341BBE6A-158F-4CF3-96F4-AD5E945F7EB0}.Release|x64.Build.0 = Release|Any CPU
		{341BBE6A-158F-4CF3-96F4-AD5E945F7EB0}.Release|x86.ActiveCfg = Release|Any CPU
		{341BBE6A-158F-4CF3-96F4-AD5E945F7EB0}.Release|x86.Build.0 = Release|Any CPU
		{341BBE6A-158F-4CF3-96F4-AD5E945F7EB0}.Test|Any CPU.ActiveCfg = Debug|Any CPU
		{341BBE6A-158F-4CF3-96F4-AD5E945F7EB0}.Test|Any CPU.Build.0 = Debug|Any CPU
		{341BBE6A-158F-4CF3-96F4-AD5E945F7EB0}.Test|Mixed Platforms.ActiveCfg = Debug|Any CPU
		{341BBE6A-158F-4CF3-96F4-AD5E945F7EB0}.Test|Mixed Platforms.Build.0 = Debug|Any CPU
		{341BBE6A-158F-4CF3-96F4-AD5E945F7EB0}.Test|x64.ActiveCfg = Debug|Any CPU
		{341BBE6A-158F-4CF3-96F4-AD5E945F7EB0}.Test|x64.Build.0 = Debug|Any CPU
		{341BBE6A-158F-4CF3-96F4-AD5E945F7EB0}.Test|x86.ActiveCfg = Debug|Any CPU
		{341BBE6A-158F-4CF3-96F4-AD5E945F7EB0}.Test|x86.Build.0 = Debug|Any CPU
		{D257D947-F730-4F8E-AB29-54441941D73E}.Debug|Any CPU.ActiveCfg = Debug|Any CPU
		{D257D947-F730-4F8E-AB29-54441941D73E}.Debug|Any CPU.Build.0 = Debug|Any CPU
		{D257D947-F730-4F8E-AB29-54441941D73E}.Debug|Mixed Platforms.ActiveCfg = Debug|Any CPU
		{D257D947-F730-4F8E-AB29-54441941D73E}.Debug|Mixed Platforms.Build.0 = Debug|Any CPU
		{D257D947-F730-4F8E-AB29-54441941D73E}.Debug|x64.ActiveCfg = Debug|Any CPU
		{D257D947-F730-4F8E-AB29-54441941D73E}.Debug|x64.Build.0 = Debug|Any CPU
		{D257D947-F730-4F8E-AB29-54441941D73E}.Debug|x86.ActiveCfg = Debug|Any CPU
		{D257D947-F730-4F8E-AB29-54441941D73E}.Debug|x86.Build.0 = Debug|Any CPU
		{D257D947-F730-4F8E-AB29-54441941D73E}.EmailValidator|Any CPU.ActiveCfg = Debug|Any CPU
		{D257D947-F730-4F8E-AB29-54441941D73E}.EmailValidator|Any CPU.Build.0 = Debug|Any CPU
		{D257D947-F730-4F8E-AB29-54441941D73E}.EmailValidator|Mixed Platforms.ActiveCfg = Debug|Any CPU
		{D257D947-F730-4F8E-AB29-54441941D73E}.EmailValidator|Mixed Platforms.Build.0 = Debug|Any CPU
		{D257D947-F730-4F8E-AB29-54441941D73E}.EmailValidator|x64.ActiveCfg = Debug|Any CPU
		{D257D947-F730-4F8E-AB29-54441941D73E}.EmailValidator|x64.Build.0 = Debug|Any CPU
		{D257D947-F730-4F8E-AB29-54441941D73E}.EmailValidator|x86.ActiveCfg = Debug|Any CPU
		{D257D947-F730-4F8E-AB29-54441941D73E}.EmailValidator|x86.Build.0 = Debug|Any CPU
		{D257D947-F730-4F8E-AB29-54441941D73E}.Publish|Any CPU.ActiveCfg = Debug|Any CPU
		{D257D947-F730-4F8E-AB29-54441941D73E}.Publish|Any CPU.Build.0 = Debug|Any CPU
		{D257D947-F730-4F8E-AB29-54441941D73E}.Publish|Mixed Platforms.ActiveCfg = Debug|Any CPU
		{D257D947-F730-4F8E-AB29-54441941D73E}.Publish|Mixed Platforms.Build.0 = Debug|Any CPU
		{D257D947-F730-4F8E-AB29-54441941D73E}.Publish|x64.ActiveCfg = Debug|Any CPU
		{D257D947-F730-4F8E-AB29-54441941D73E}.Publish|x64.Build.0 = Debug|Any CPU
		{D257D947-F730-4F8E-AB29-54441941D73E}.Publish|x86.ActiveCfg = Debug|Any CPU
		{D257D947-F730-4F8E-AB29-54441941D73E}.Publish|x86.Build.0 = Debug|Any CPU
		{D257D947-F730-4F8E-AB29-54441941D73E}.RedeemGiftTest|Any CPU.ActiveCfg = Release|Any CPU
		{D257D947-F730-4F8E-AB29-54441941D73E}.RedeemGiftTest|Any CPU.Build.0 = Release|Any CPU
		{D257D947-F730-4F8E-AB29-54441941D73E}.RedeemGiftTest|Mixed Platforms.ActiveCfg = Release|Any CPU
		{D257D947-F730-4F8E-AB29-54441941D73E}.RedeemGiftTest|Mixed Platforms.Build.0 = Release|Any CPU
		{D257D947-F730-4F8E-AB29-54441941D73E}.RedeemGiftTest|x64.ActiveCfg = Release|Any CPU
		{D257D947-F730-4F8E-AB29-54441941D73E}.RedeemGiftTest|x64.Build.0 = Release|Any CPU
		{D257D947-F730-4F8E-AB29-54441941D73E}.RedeemGiftTest|x86.ActiveCfg = Release|Any CPU
		{D257D947-F730-4F8E-AB29-54441941D73E}.RedeemGiftTest|x86.Build.0 = Release|Any CPU
		{D257D947-F730-4F8E-AB29-54441941D73E}.Release|Any CPU.ActiveCfg = Release|Any CPU
		{D257D947-F730-4F8E-AB29-54441941D73E}.Release|Any CPU.Build.0 = Release|Any CPU
		{D257D947-F730-4F8E-AB29-54441941D73E}.Release|Mixed Platforms.ActiveCfg = Release|Any CPU
		{D257D947-F730-4F8E-AB29-54441941D73E}.Release|Mixed Platforms.Build.0 = Release|Any CPU
		{D257D947-F730-4F8E-AB29-54441941D73E}.Release|x64.ActiveCfg = Release|Any CPU
		{D257D947-F730-4F8E-AB29-54441941D73E}.Release|x64.Build.0 = Release|Any CPU
		{D257D947-F730-4F8E-AB29-54441941D73E}.Release|x86.ActiveCfg = Release|Any CPU
		{D257D947-F730-4F8E-AB29-54441941D73E}.Release|x86.Build.0 = Release|Any CPU
		{D257D947-F730-4F8E-AB29-54441941D73E}.Test|Any CPU.ActiveCfg = Debug|Any CPU
		{D257D947-F730-4F8E-AB29-54441941D73E}.Test|Any CPU.Build.0 = Debug|Any CPU
		{D257D947-F730-4F8E-AB29-54441941D73E}.Test|Mixed Platforms.ActiveCfg = Debug|Any CPU
		{D257D947-F730-4F8E-AB29-54441941D73E}.Test|Mixed Platforms.Build.0 = Debug|Any CPU
		{D257D947-F730-4F8E-AB29-54441941D73E}.Test|x64.ActiveCfg = Debug|Any CPU
		{D257D947-F730-4F8E-AB29-54441941D73E}.Test|x64.Build.0 = Debug|Any CPU
		{D257D947-F730-4F8E-AB29-54441941D73E}.Test|x86.ActiveCfg = Debug|Any CPU
		{D257D947-F730-4F8E-AB29-54441941D73E}.Test|x86.Build.0 = Debug|Any CPU
	EndGlobalSection
	GlobalSection(SolutionProperties) = preSolution
		HideSolutionNode = FALSE
	EndGlobalSection
	GlobalSection(NestedProjects) = preSolution
		{3531115B-1D09-44A5-B313-95617CE09279} = {862C16E9-DF5E-4AF1-B72B-DB9214C9B885}
		{C4F05E7D-46F0-4B8F-A457-9D5BD98FB626} = {C0D48C6B-3AB3-4921-8525-D6010FAF26BD}
		{D3A10611-3E72-4FA9-ABD6-AA753346A807} = {C0D48C6B-3AB3-4921-8525-D6010FAF26BD}
		{DAA35876-4F16-4A6B-B91C-0FE8686CBA57} = {862C16E9-DF5E-4AF1-B72B-DB9214C9B885}
		{5EF66676-34BC-46BD-808F-D136E4128BF9} = {862C16E9-DF5E-4AF1-B72B-DB9214C9B885}
		{C583980D-97DD-4DF9-97DF-50613284252E} = {862C16E9-DF5E-4AF1-B72B-DB9214C9B885}
		{2190ABE9-2DB7-4CC0-B82B-17AD19B1557E} = {87F80724-B566-4089-9511-C7703C28B2F4}
		{BB8B04E8-6790-4FA7-95E7-97E50765E64C} = {9630E019-D51D-424C-90FF-56DFE0302B2B}
		{1F754992-13CB-40F8-89C1-F4F7B9D38166} = {C0D48C6B-3AB3-4921-8525-D6010FAF26BD}
		{A537FF21-3384-4CF4-8621-E5E436F72226} = {91D86871-A5CF-4811-B9B0-941728B55529}
		{D4CFBC00-7C31-475E-852A-1F209BDDB2AC} = {91D86871-A5CF-4811-B9B0-941728B55529}
		{66203CB5-FB2F-408F-9991-2C8D1363AD6E} = {E9CB29EC-FECB-4770-9113-8B4A8A0BC587}
		{1B9518AF-AC05-4582-B736-7E9AE2CE7D97} = {B8390689-26E6-46DE-9672-EAFADCD12B88}
		{341BBE6A-158F-4CF3-96F4-AD5E945F7EB0} = {B8390689-26E6-46DE-9672-EAFADCD12B88}
		{D257D947-F730-4F8E-AB29-54441941D73E} = {B8390689-26E6-46DE-9672-EAFADCD12B88}
	EndGlobalSection
	GlobalSection(ExtensibilityGlobals) = postSolution
		VisualSVNWorkingCopyRoot = .
		EnterpriseLibraryConfigurationToolBinariesPath = packages\Unity.2.1.505.2\lib\NET35
	EndGlobalSection
	GlobalSection(TestCaseManagementSettings) = postSolution
		CategoryFile = KLS.vsmdi
	EndGlobalSection
EndGlobal
